// !$*UTF8*$!
{
	archiveVersion = 1;
	classes = {
	};
	objectVersion = 46;
	objects = {

/* Begin PBXBuildFile section */
		2602A6D816516AF500F76270 /* GUJXAXISViewController.h in CopyFiles */ = {isa = PBXBuildFile; fileRef = 26B23B9616493C5700A88DD0 /* GUJXAXISViewController.h */; };
		2602A6DA16516B6300F76270 /* GUJXAXISViewController.h in CopyFiles */ = {isa = PBXBuildFile; fileRef = 26B23B9616493C5700A88DD0 /* GUJXAXISViewController.h */; };
		265D8862164BF45C00459D5C /* GUJXAXSISTrackingServerConnection.h in Headers */ = {isa = PBXBuildFile; fileRef = 265D8860164BF45C00459D5C /* GUJXAXSISTrackingServerConnection.h */; };
		265D8863164BF45C00459D5C /* GUJXAXSISTrackingServerConnection.h in Headers */ = {isa = PBXBuildFile; fileRef = 265D8860164BF45C00459D5C /* GUJXAXSISTrackingServerConnection.h */; };
		265D8864164BF45C00459D5C /* GUJXAXSISTrackingServerConnection.m in Sources */ = {isa = PBXBuildFile; fileRef = 265D8861164BF45C00459D5C /* GUJXAXSISTrackingServerConnection.m */; };
		265D8865164BF45C00459D5C /* GUJXAXSISTrackingServerConnection.m in Sources */ = {isa = PBXBuildFile; fileRef = 265D8861164BF45C00459D5C /* GUJXAXSISTrackingServerConnection.m */; };
		26727D62164925F300AB0EC6 /* Foundation.framework in Frameworks */ = {isa = PBXBuildFile; fileRef = 26727D61164925F300AB0EC6 /* Foundation.framework */; };
		26727D741649263A00AB0EC6 /* Foundation.framework in Frameworks */ = {isa = PBXBuildFile; fileRef = 26727D61164925F300AB0EC6 /* Foundation.framework */; };
		26727D8A1649270300AB0EC6 /* GUJXAXISSDK-Prefix.pch in Headers */ = {isa = PBXBuildFile; fileRef = 26727D65164925F300AB0EC6 /* GUJXAXISSDK-Prefix.pch */; };
		26727D8B1649270300AB0EC6 /* GUJXAXISSDK-Prefix.pch in Headers */ = {isa = PBXBuildFile; fileRef = 26727D65164925F300AB0EC6 /* GUJXAXISSDK-Prefix.pch */; };
		26B23B9816493C5700A88DD0 /* GUJXAXISViewController.h in Headers */ = {isa = PBXBuildFile; fileRef = 26B23B9616493C5700A88DD0 /* GUJXAXISViewController.h */; settings = {ATTRIBUTES = (Public, ); }; };
		26B23B9916493C5700A88DD0 /* GUJXAXISViewController.h in Headers */ = {isa = PBXBuildFile; fileRef = 26B23B9616493C5700A88DD0 /* GUJXAXISViewController.h */; settings = {ATTRIBUTES = (Public, ); }; };
		26B23B9A16493C5700A88DD0 /* GUJXAXISViewController.m in Sources */ = {isa = PBXBuildFile; fileRef = 26B23B9716493C5700A88DD0 /* GUJXAXISViewController.m */; };
		26B23B9B16493C5700A88DD0 /* GUJXAXISViewController.m in Sources */ = {isa = PBXBuildFile; fileRef = 26B23B9716493C5700A88DD0 /* GUJXAXISViewController.m */; };
		26B4E0F4164A9FD4002BE220 /* GUJXAXISConstants.h in Headers */ = {isa = PBXBuildFile; fileRef = 26B4E0F3164A9FD4002BE220 /* GUJXAXISConstants.h */; };
		26B4E0F5164A9FD4002BE220 /* GUJXAXISConstants.h in Headers */ = {isa = PBXBuildFile; fileRef = 26B4E0F3164A9FD4002BE220 /* GUJXAXISConstants.h */; };
		26E8893E165D01C70077BF19 /* GUJXAXISSDKVersion.h in Headers */ = {isa = PBXBuildFile; fileRef = 26E8893D165D01C70077BF19 /* GUJXAXISSDKVersion.h */; };
		26E8893F165D01C70077BF19 /* GUJXAXISSDKVersion.h in Headers */ = {isa = PBXBuildFile; fileRef = 26E8893D165D01C70077BF19 /* GUJXAXISSDKVersion.h */; };
		26FBCAAC16494ACB00EBB8D9 /* ORMMAXAXISView.h in Headers */ = {isa = PBXBuildFile; fileRef = 26FBCAAA16494ACB00EBB8D9 /* ORMMAXAXISView.h */; };
		26FBCAAD16494ACB00EBB8D9 /* ORMMAXAXISView.h in Headers */ = {isa = PBXBuildFile; fileRef = 26FBCAAA16494ACB00EBB8D9 /* ORMMAXAXISView.h */; };
		26FBCAAE16494ACB00EBB8D9 /* ORMMAXAXISView.m in Sources */ = {isa = PBXBuildFile; fileRef = 26FBCAAB16494ACB00EBB8D9 /* ORMMAXAXISView.m */; };
		26FBCAAF16494ACB00EBB8D9 /* ORMMAXAXISView.m in Sources */ = {isa = PBXBuildFile; fileRef = 26FBCAAB16494ACB00EBB8D9 /* ORMMAXAXISView.m */; };
/* End PBXBuildFile section */

/* Begin PBXContainerItemProxy section */
		26E2D8D2165BE5CE0067AA42 /* PBXContainerItemProxy */ = {
			isa = PBXContainerItemProxy;
			containerPortal = 26E2D8C9165BE5CD0067AA42 /* GUJmOceanSDK.xcodeproj */;
			proxyType = 2;
			remoteGlobalIDString = 2656C18216525658007B33FD;
			remoteInfo = GUJmOceanSDK;
		};
		26E2D8D4165BE5CE0067AA42 /* PBXContainerItemProxy */ = {
			isa = PBXContainerItemProxy;
			containerPortal = 26E2D8C9165BE5CD0067AA42 /* GUJmOceanSDK.xcodeproj */;
			proxyType = 2;
			remoteGlobalIDString = 264B9880165BD8A6008CA035;
			remoteInfo = GUJmOceanSDKSimulator;
		};
		26E2D8D6165BE6150067AA42 /* PBXContainerItemProxy */ = {
			isa = PBXContainerItemProxy;
			containerPortal = 26E2D8C9165BE5CD0067AA42 /* GUJmOceanSDK.xcodeproj */;
			proxyType = 1;
			remoteGlobalIDString = 2656C18116525658007B33FD;
			remoteInfo = GUJmOceanSDK;
		};
		26E2D8D8165BE6180067AA42 /* PBXContainerItemProxy */ = {
			isa = PBXContainerItemProxy;
			containerPortal = 26E2D8C9165BE5CD0067AA42 /* GUJmOceanSDK.xcodeproj */;
			proxyType = 1;
			remoteGlobalIDString = 264B986D165BD8A6008CA035;
			remoteInfo = GUJmOceanSDKSimulator;
		};
/* End PBXContainerItemProxy section */

/* Begin PBXCopyFilesBuildPhase section */
		2602A6D716516AEA00F76270 /* CopyFiles */ = {
			isa = PBXCopyFilesBuildPhase;
			buildActionMask = 2147483647;
			dstPath = "";
			dstSubfolderSpec = 16;
			files = (
				2602A6D816516AF500F76270 /* GUJXAXISViewController.h in CopyFiles */,
			);
			runOnlyForDeploymentPostprocessing = 0;
		};
		2602A6D916516B5E00F76270 /* CopyFiles */ = {
			isa = PBXCopyFilesBuildPhase;
			buildActionMask = 2147483647;
			dstPath = "";
			dstSubfolderSpec = 16;
			files = (
				2602A6DA16516B6300F76270 /* GUJXAXISViewController.h in CopyFiles */,
			);
			runOnlyForDeploymentPostprocessing = 0;
		};
/* End PBXCopyFilesBuildPhase section */

/* Begin PBXFileReference section */
		265D8860164BF45C00459D5C /* GUJXAXSISTrackingServerConnection.h */ = {isa = PBXFileReference; fileEncoding = 4; lastKnownFileType = sourcecode.c.h; path = GUJXAXSISTrackingServerConnection.h; sourceTree = "<group>"; };
		265D8861164BF45C00459D5C /* GUJXAXSISTrackingServerConnection.m */ = {isa = PBXFileReference; fileEncoding = 4; lastKnownFileType = sourcecode.c.objc; path = GUJXAXSISTrackingServerConnection.m; sourceTree = "<group>"; };
		26727D5E164925F300AB0EC6 /* libGUJXAXISSDK.a */ = {isa = PBXFileReference; explicitFileType = archive.ar; includeInIndex = 0; path = libGUJXAXISSDK.a; sourceTree = BUILT_PRODUCTS_DIR; };
		26727D61164925F300AB0EC6 /* Foundation.framework */ = {isa = PBXFileReference; lastKnownFileType = wrapper.framework; name = Foundation.framework; path = System/Library/Frameworks/Foundation.framework; sourceTree = SDKROOT; };
		26727D65164925F300AB0EC6 /* GUJXAXISSDK-Prefix.pch */ = {isa = PBXFileReference; lastKnownFileType = sourcecode.c.h; path = "GUJXAXISSDK-Prefix.pch"; sourceTree = "<group>"; };
		26727D791649263A00AB0EC6 /* libGUJORMMASDKSimulator.a */ = {isa = PBXFileReference; explicitFileType = archive.ar; includeInIndex = 0; name = libGUJORMMASDKSimulator.a; path = libGUJXAXISSDKSimulator.a; sourceTree = BUILT_PRODUCTS_DIR; };
		26B23B9616493C5700A88DD0 /* GUJXAXISViewController.h */ = {isa = PBXFileReference; fileEncoding = 4; lastKnownFileType = sourcecode.c.h; path = GUJXAXISViewController.h; sourceTree = "<group>"; };
		26B23B9716493C5700A88DD0 /* GUJXAXISViewController.m */ = {isa = PBXFileReference; fileEncoding = 4; lastKnownFileType = sourcecode.c.objc; path = GUJXAXISViewController.m; sourceTree = "<group>"; };
		26B4E0F3164A9FD4002BE220 /* GUJXAXISConstants.h */ = {isa = PBXFileReference; fileEncoding = 4; lastKnownFileType = sourcecode.c.h; path = GUJXAXISConstants.h; sourceTree = "<group>"; };
		26E2D8C9165BE5CD0067AA42 /* GUJmOceanSDK.xcodeproj */ = {isa = PBXFileReference; lastKnownFileType = "wrapper.pb-project"; name = GUJmOceanSDK.xcodeproj; path = ../GUJmOceanSDK/GUJmOceanSDK.xcodeproj; sourceTree = "<group>"; };
		26E8893D165D01C70077BF19 /* GUJXAXISSDKVersion.h */ = {isa = PBXFileReference; fileEncoding = 4; lastKnownFileType = sourcecode.c.h; path = GUJXAXISSDKVersion.h; sourceTree = "<group>"; };
		26FBCAAA16494ACB00EBB8D9 /* ORMMAXAXISView.h */ = {isa = PBXFileReference; fileEncoding = 4; lastKnownFileType = sourcecode.c.h; path = ORMMAXAXISView.h; sourceTree = "<group>"; };
		26FBCAAB16494ACB00EBB8D9 /* ORMMAXAXISView.m */ = {isa = PBXFileReference; fileEncoding = 4; lastKnownFileType = sourcecode.c.objc; path = ORMMAXAXISView.m; sourceTree = "<group>"; };
/* End PBXFileReference section */

/* Begin PBXFrameworksBuildPhase section */
		26727D5B164925F300AB0EC6 /* Frameworks */ = {
			isa = PBXFrameworksBuildPhase;
			buildActionMask = 2147483647;
			files = (
				26727D62164925F300AB0EC6 /* Foundation.framework in Frameworks */,
			);
			runOnlyForDeploymentPostprocessing = 0;
		};
		26727D731649263A00AB0EC6 /* Frameworks */ = {
			isa = PBXFrameworksBuildPhase;
			buildActionMask = 2147483647;
			files = (
				26727D741649263A00AB0EC6 /* Foundation.framework in Frameworks */,
			);
			runOnlyForDeploymentPostprocessing = 0;
		};
/* End PBXFrameworksBuildPhase section */

/* Begin PBXGroup section */
		264D4D86164BDA9500A02DB0 /* IO */ = {
			isa = PBXGroup;
			children = (
				264D4D87164BDA9500A02DB0 /* HTTP */,
			);
			path = IO;
			sourceTree = "<group>";
		};
		264D4D87164BDA9500A02DB0 /* HTTP */ = {
			isa = PBXGroup;
			children = (
				265D8860164BF45C00459D5C /* GUJXAXSISTrackingServerConnection.h */,
				265D8861164BF45C00459D5C /* GUJXAXSISTrackingServerConnection.m */,
			);
			path = HTTP;
			sourceTree = "<group>";
		};
		26727D53164925F300AB0EC6 = {
			isa = PBXGroup;
			children = (
				26E2D8C9165BE5CD0067AA42 /* GUJmOceanSDK.xcodeproj */,
				26727D63164925F300AB0EC6 /* GUJXAXISSDK */,
				26727D60164925F300AB0EC6 /* Frameworks */,
				26727D5F164925F300AB0EC6 /* Products */,
			);
			sourceTree = "<group>";
		};
		26727D5F164925F300AB0EC6 /* Products */ = {
			isa = PBXGroup;
			children = (
				26727D5E164925F300AB0EC6 /* libGUJXAXISSDK.a */,
				26727D791649263A00AB0EC6 /* libGUJORMMASDKSimulator.a */,
			);
			name = Products;
			sourceTree = "<group>";
		};
		26727D60164925F300AB0EC6 /* Frameworks */ = {
			isa = PBXGroup;
			children = (
				26727D61164925F300AB0EC6 /* Foundation.framework */,
			);
			name = Frameworks;
			sourceTree = "<group>";
		};
		26727D63164925F300AB0EC6 /* GUJXAXISSDK */ = {
			isa = PBXGroup;
			children = (
				26727D6E1649262700AB0EC6 /* Classes */,
				26727D64164925F300AB0EC6 /* Supporting Files */,
			);
			path = GUJXAXISSDK;
			sourceTree = "<group>";
		};
		26727D64164925F300AB0EC6 /* Supporting Files */ = {
			isa = PBXGroup;
			children = (
				26727D65164925F300AB0EC6 /* GUJXAXISSDK-Prefix.pch */,
			);
			name = "Supporting Files";
			sourceTree = "<group>";
		};
		26727D6E1649262700AB0EC6 /* Classes */ = {
			isa = PBXGroup;
			children = (
				26727D6F1649262700AB0EC6 /* Private */,
				26727D701649262700AB0EC6 /* Public */,
				26B4E0F3164A9FD4002BE220 /* GUJXAXISConstants.h */,
				26E8893D165D01C70077BF19 /* GUJXAXISSDKVersion.h */,
			);
			path = Classes;
			sourceTree = "<group>";
		};
		26727D6F1649262700AB0EC6 /* Private */ = {
			isa = PBXGroup;
			children = (
				264D4D86164BDA9500A02DB0 /* IO */,
				26FBCAA916494AAA00EBB8D9 /* UI */,
			);
			path = Private;
			sourceTree = "<group>";
		};
		26727D701649262700AB0EC6 /* Public */ = {
			isa = PBXGroup;
			children = (
				26B23B9616493C5700A88DD0 /* GUJXAXISViewController.h */,
				26B23B9716493C5700A88DD0 /* GUJXAXISViewController.m */,
			);
			path = Public;
			sourceTree = "<group>";
		};
		26E2D8CA165BE5CD0067AA42 /* Products */ = {
			isa = PBXGroup;
			children = (
				26E2D8D3165BE5CE0067AA42 /* libGUJmOceanSDK.a */,
				26E2D8D5165BE5CE0067AA42 /* libGUJmOceanSDKSimulator.a */,
			);
			name = Products;
			sourceTree = "<group>";
		};
		26FBCAA916494AAA00EBB8D9 /* UI */ = {
			isa = PBXGroup;
			children = (
				26FBCAAA16494ACB00EBB8D9 /* ORMMAXAXISView.h */,
				26FBCAAB16494ACB00EBB8D9 /* ORMMAXAXISView.m */,
			);
			path = UI;
			sourceTree = "<group>";
		};
/* End PBXGroup section */

/* Begin PBXHeadersBuildPhase section */
		26727D5C164925F300AB0EC6 /* Headers */ = {
			isa = PBXHeadersBuildPhase;
			buildActionMask = 2147483647;
			files = (
				26B23B9816493C5700A88DD0 /* GUJXAXISViewController.h in Headers */,
				26727D8A1649270300AB0EC6 /* GUJXAXISSDK-Prefix.pch in Headers */,
				26FBCAAC16494ACB00EBB8D9 /* ORMMAXAXISView.h in Headers */,
				26B4E0F4164A9FD4002BE220 /* GUJXAXISConstants.h in Headers */,
				265D8862164BF45C00459D5C /* GUJXAXSISTrackingServerConnection.h in Headers */,
				26E8893E165D01C70077BF19 /* GUJXAXISSDKVersion.h in Headers */,
			);
			runOnlyForDeploymentPostprocessing = 0;
		};
		26727D751649263A00AB0EC6 /* Headers */ = {
			isa = PBXHeadersBuildPhase;
			buildActionMask = 2147483647;
			files = (
				26B23B9916493C5700A88DD0 /* GUJXAXISViewController.h in Headers */,
				26727D8B1649270300AB0EC6 /* GUJXAXISSDK-Prefix.pch in Headers */,
				26FBCAAD16494ACB00EBB8D9 /* ORMMAXAXISView.h in Headers */,
				26B4E0F5164A9FD4002BE220 /* GUJXAXISConstants.h in Headers */,
				265D8863164BF45C00459D5C /* GUJXAXSISTrackingServerConnection.h in Headers */,
				26E8893F165D01C70077BF19 /* GUJXAXISSDKVersion.h in Headers */,
			);
			runOnlyForDeploymentPostprocessing = 0;
		};
/* End PBXHeadersBuildPhase section */

/* Begin PBXNativeTarget section */
		26727D5D164925F300AB0EC6 /* GUJXAXISSDK */ = {
			isa = PBXNativeTarget;
			buildConfigurationList = 26727D6B164925F300AB0EC6 /* Build configuration list for PBXNativeTarget "GUJXAXISSDK" */;
			buildPhases = (
				26727D5A164925F300AB0EC6 /* Sources */,
				26727D5B164925F300AB0EC6 /* Frameworks */,
				26727D5C164925F300AB0EC6 /* Headers */,
				2602A6D916516B5E00F76270 /* CopyFiles */,
			);
			buildRules = (
			);
			dependencies = (
				26E2D8D7165BE6150067AA42 /* PBXTargetDependency */,
			);
			name = GUJXAXISSDK;
			productName = GUJXAXISSDK;
			productReference = 26727D5E164925F300AB0EC6 /* libGUJXAXISSDK.a */;
			productType = "com.apple.product-type.library.static";
		};
		26727D711649263A00AB0EC6 /* GUJXAXISSDKSimulator */ = {
			isa = PBXNativeTarget;
			buildConfigurationList = 26727D761649263A00AB0EC6 /* Build configuration list for PBXNativeTarget "GUJXAXISSDKSimulator" */;
			buildPhases = (
				26727D721649263A00AB0EC6 /* Sources */,
				26727D731649263A00AB0EC6 /* Frameworks */,
				26727D751649263A00AB0EC6 /* Headers */,
				2602A6D716516AEA00F76270 /* CopyFiles */,
			);
			buildRules = (
			);
			dependencies = (
				26E2D8D9165BE6180067AA42 /* PBXTargetDependency */,
			);
			name = GUJXAXISSDKSimulator;
			productName = GUJXAXISSDK;
			productReference = 26727D791649263A00AB0EC6 /* libGUJORMMASDKSimulator.a */;
			productType = "com.apple.product-type.library.static";
		};
/* End PBXNativeTarget section */

/* Begin PBXProject section */
		26727D55164925F300AB0EC6 /* Project object */ = {
			isa = PBXProject;
			attributes = {
				LastUpgradeCheck = 0430;
				ORGANIZATIONNAME = "guj ems";
			};
			buildConfigurationList = 26727D58164925F300AB0EC6 /* Build configuration list for PBXProject "GUJXAXISSDK" */;
			compatibilityVersion = "Xcode 3.2";
			developmentRegion = English;
			hasScannedForEncodings = 0;
			knownRegions = (
				en,
			);
			mainGroup = 26727D53164925F300AB0EC6;
			productRefGroup = 26727D5F164925F300AB0EC6 /* Products */;
			projectDirPath = "";
			projectReferences = (
				{
					ProductGroup = 26E2D8CA165BE5CD0067AA42 /* Products */;
					ProjectRef = 26E2D8C9165BE5CD0067AA42 /* GUJmOceanSDK.xcodeproj */;
				},
			);
			projectRoot = "";
			targets = (
				26727D5D164925F300AB0EC6 /* GUJXAXISSDK */,
				26727D711649263A00AB0EC6 /* GUJXAXISSDKSimulator */,
			);
		};
/* End PBXProject section */

/* Begin PBXReferenceProxy section */
		26E2D8D3165BE5CE0067AA42 /* libGUJmOceanSDK.a */ = {
			isa = PBXReferenceProxy;
			fileType = archive.ar;
			path = libGUJmOceanSDK.a;
			remoteRef = 26E2D8D2165BE5CE0067AA42 /* PBXContainerItemProxy */;
			sourceTree = BUILT_PRODUCTS_DIR;
		};
		26E2D8D5165BE5CE0067AA42 /* libGUJmOceanSDKSimulator.a */ = {
			isa = PBXReferenceProxy;
			fileType = archive.ar;
			path = libGUJmOceanSDKSimulator.a;
			remoteRef = 26E2D8D4165BE5CE0067AA42 /* PBXContainerItemProxy */;
			sourceTree = BUILT_PRODUCTS_DIR;
		};
/* End PBXReferenceProxy section */

/* Begin PBXSourcesBuildPhase section */
		26727D5A164925F300AB0EC6 /* Sources */ = {
			isa = PBXSourcesBuildPhase;
			buildActionMask = 2147483647;
			files = (
				26B23B9A16493C5700A88DD0 /* GUJXAXISViewController.m in Sources */,
				26FBCAAE16494ACB00EBB8D9 /* ORMMAXAXISView.m in Sources */,
				265D8864164BF45C00459D5C /* GUJXAXSISTrackingServerConnection.m in Sources */,
			);
			runOnlyForDeploymentPostprocessing = 0;
		};
		26727D721649263A00AB0EC6 /* Sources */ = {
			isa = PBXSourcesBuildPhase;
			buildActionMask = 2147483647;
			files = (
				26B23B9B16493C5700A88DD0 /* GUJXAXISViewController.m in Sources */,
				26FBCAAF16494ACB00EBB8D9 /* ORMMAXAXISView.m in Sources */,
				265D8865164BF45C00459D5C /* GUJXAXSISTrackingServerConnection.m in Sources */,
			);
			runOnlyForDeploymentPostprocessing = 0;
		};
/* End PBXSourcesBuildPhase section */

/* Begin PBXTargetDependency section */
		26E2D8D7165BE6150067AA42 /* PBXTargetDependency */ = {
			isa = PBXTargetDependency;
			name = GUJmOceanSDK;
			targetProxy = 26E2D8D6165BE6150067AA42 /* PBXContainerItemProxy */;
		};
		26E2D8D9165BE6180067AA42 /* PBXTargetDependency */ = {
			isa = PBXTargetDependency;
			name = GUJmOceanSDKSimulator;
			targetProxy = 26E2D8D8165BE6180067AA42 /* PBXContainerItemProxy */;
		};
/* End PBXTargetDependency section */

/* Begin XCBuildConfiguration section */
		26727D69164925F300AB0EC6 /* Debug */ = {
			isa = XCBuildConfiguration;
			buildSettings = {
				ALWAYS_SEARCH_USER_PATHS = NO;
				ARCHS = (
					armv7,
					armv6,
				);
				CLANG_ENABLE_OBJC_ARC = YES;
				COPY_PHASE_STRIP = NO;
				GCC_C_LANGUAGE_STANDARD = gnu99;
				GCC_DYNAMIC_NO_PIC = NO;
				GCC_OPTIMIZATION_LEVEL = 0;
				GCC_PREPROCESSOR_DEFINITIONS = (
					"DEBUG=1",
					"$(inherited)",
				);
				GCC_SYMBOLS_PRIVATE_EXTERN = NO;
				GCC_VERSION = com.apple.compilers.llvm.clang.1_0;
				GCC_WARN_ABOUT_RETURN_TYPE = YES;
				GCC_WARN_UNINITIALIZED_AUTOS = YES;
				GCC_WARN_UNUSED_VARIABLE = YES;
				IPHONEOS_DEPLOYMENT_TARGET = 3.0;
				SDKROOT = iphoneos;
			};
			name = Debug;
		};
		26727D6A164925F300AB0EC6 /* Release */ = {
			isa = XCBuildConfiguration;
			buildSettings = {
				ALWAYS_SEARCH_USER_PATHS = NO;
				ARCHS = (
					armv7,
					armv6,
				);
				CLANG_ENABLE_OBJC_ARC = YES;
				COPY_PHASE_STRIP = YES;
				GCC_C_LANGUAGE_STANDARD = gnu99;
				GCC_VERSION = com.apple.compilers.llvm.clang.1_0;
				GCC_WARN_ABOUT_RETURN_TYPE = YES;
				GCC_WARN_UNINITIALIZED_AUTOS = YES;
				GCC_WARN_UNUSED_VARIABLE = YES;
				IPHONEOS_DEPLOYMENT_TARGET = 3.0;
				SDKROOT = iphoneos;
				VALIDATE_PRODUCT = YES;
			};
			name = Release;
		};
		26727D6C164925F300AB0EC6 /* Debug */ = {
			isa = XCBuildConfiguration;
			buildSettings = {
				ARCHS = (
					armv7,
					armv6,
				);
				DSTROOT = /tmp/GUJXAXISSDK.dst;
				GCC_PRECOMPILE_PREFIX_HEADER = YES;
				GCC_PREFIX_HEADER = "GUJXAXISSDK/GUJXAXISSDK-Prefix.pch";
				HEADER_SEARCH_PATHS = (
					"$PROJECT_DIR/../GUJBaseSDK/GUJBaseSDK/Classes/**",
					"$PROJECT_DIR/../GUJORMMASDK/GUJORMMASDK/Classes/**",
					"$PROJECT_DIR/../GUJmOceanSDK/GUJmOceanSDK/Classes/**",
				);
				IPHONEOS_DEPLOYMENT_TARGET = 3.0;
				ONLY_ACTIVE_ARCH = NO;
				OTHER_LDFLAGS = (
					"-ObjC",
					"-all_load",
				);
				PRODUCT_NAME = "$(TARGET_NAME)";
				SKIP_INSTALL = YES;
				SUPPORTED_PLATFORMS = iphoneos;
			};
			name = Debug;
		};
		26727D6D164925F300AB0EC6 /* Release */ = {
			isa = XCBuildConfiguration;
			buildSettings = {
				ARCHS = (
					armv7,
					armv6,
				);
				DSTROOT = /tmp/GUJXAXISSDK.dst;
				GCC_PRECOMPILE_PREFIX_HEADER = YES;
				GCC_PREFIX_HEADER = "GUJXAXISSDK/GUJXAXISSDK-Prefix.pch";
				HEADER_SEARCH_PATHS = (
					"$PROJECT_DIR/../GUJBaseSDK/GUJBaseSDK/Classes/**",
					"$PROJECT_DIR/../GUJORMMASDK/GUJORMMASDK/Classes/**",
					"$PROJECT_DIR/../GUJmOceanSDK/GUJmOceanSDK/Classes/**",
				);
				IPHONEOS_DEPLOYMENT_TARGET = 3.0;
				ONLY_ACTIVE_ARCH = NO;
				OTHER_LDFLAGS = (
					"-ObjC",
					"-all_load",
				);
				PRODUCT_NAME = "$(TARGET_NAME)";
				SKIP_INSTALL = YES;
				SUPPORTED_PLATFORMS = iphoneos;
			};
			name = Release;
		};
		26727D771649263A00AB0EC6 /* Debug */ = {
			isa = XCBuildConfiguration;
			buildSettings = {
				ALTERNATE_PERMISSIONS_FILES = iphonesimulator;
				ARCHS = i386;
				DSTROOT = /tmp/GUJXAXISSDK.dst;
				GCC_PRECOMPILE_PREFIX_HEADER = YES;
				GCC_PREFIX_HEADER = "GUJXAXISSDK/GUJXAXISSDK-Prefix.pch";
				HEADER_SEARCH_PATHS = (
					"$PROJECT_DIR/../GUJBaseSDK/GUJBaseSDK/Classes/**",
					"$PROJECT_DIR/../GUJORMMASDK/GUJORMMASDK/Classes/**",
					"$PROJECT_DIR/../GUJmOceanSDK/GUJmOceanSDK/Classes/**",
				);
				IPHONEOS_DEPLOYMENT_TARGET = 3.0;
				ONLY_ACTIVE_ARCH = YES;
				OTHER_LDFLAGS = (
					"-ObjC",
					"-all_load",
				);
				PRODUCT_NAME = GUJXAXISSDKSimulator;
				SKIP_INSTALL = YES;
				SUPPORTED_PLATFORMS = iphonesimulator;
				VALID_ARCHS = i386;
			};
			name = Debug;
		};
		26727D781649263A00AB0EC6 /* Release */ = {
			isa = XCBuildConfiguration;
			buildSettings = {
				ALTERNATE_PERMISSIONS_FILES = iphonesimulator;
				ARCHS = i386;
				DSTROOT = /tmp/GUJXAXISSDK.dst;
				GCC_PRECOMPILE_PREFIX_HEADER = YES;
				GCC_PREFIX_HEADER = "GUJXAXISSDK/GUJXAXISSDK-Prefix.pch";
				HEADER_SEARCH_PATHS = (
					"$PROJECT_DIR/../GUJBaseSDK/GUJBaseSDK/Classes/**",
					"$PROJECT_DIR/../GUJORMMASDK/GUJORMMASDK/Classes/**",
					"$PROJECT_DIR/../GUJmOceanSDK/GUJmOceanSDK/Classes/**",
				);
				IPHONEOS_DEPLOYMENT_TARGET = 3.0;
				ONLY_ACTIVE_ARCH = YES;
				OTHER_LDFLAGS = (
					"-ObjC",
					"-all_load",
				);
				PRODUCT_NAME = GUJXAXISSDKSimulator;
				SKIP_INSTALL = YES;
				SUPPORTED_PLATFORMS = iphonesimulator;
				VALID_ARCHS = i386;
			};
			name = Release;
		};
/* End XCBuildConfiguration section */

/* Begin XCConfigurationList section */
		26727D58164925F300AB0EC6 /* Build configuration list for PBXProject "GUJXAXISSDK" */ = {
			isa = XCConfigurationList;
			buildConfigurations = (
				26727D69164925F300AB0EC6 /* Debug */,
				26727D6A164925F300AB0EC6 /* Release */,
			);
			defaultConfigurationIsVisible = 0;
			defaultConfigurationName = Release;
		};
		26727D6B164925F300AB0EC6 /* Build configuration list for PBXNativeTarget "GUJXAXISSDK" */ = {
			isa = XCConfigurationList;
			buildConfigurations = (
				26727D6C164925F300AB0EC6 /* Debug */,
				26727D6D164925F300AB0EC6 /* Release */,
			);
			defaultConfigurationIsVisible = 0;
			defaultConfigurationName = Release;
		};
		26727D761649263A00AB0EC6 /* Build configuration list for PBXNativeTarget "GUJXAXISSDKSimulator" */ = {
			isa = XCConfigurationList;
			buildConfigurations = (
				26727D771649263A00AB0EC6 /* Debug */,
				26727D781649263A00AB0EC6 /* Release */,
			);
			defaultConfigurationIsVisible = 0;
			defaultConfigurationName = Release;
		};
/* End XCConfigurationList section */
	};
	rootObject = 26727D55164925F300AB0EC6 /* Project object */;
}
