// !$*UTF8*$!
{
	archiveVersion = 1;
	classes = {
	};
	objectVersion = 46;
	objects = {

/* Begin PBXBuildFile section */
		2612A8CA188DB14F00A5ABF7 /* main.m in Sources */ = {isa = PBXBuildFile; fileRef = 26A3A5E1187C80CB007C7B72 /* main.m */; };
		2612A8D9188DB14F00A5ABF7 /* CoreVideo.framework in Frameworks */ = {isa = PBXBuildFile; fileRef = 2667C8B7188535F6002D5154 /* CoreVideo.framework */; };
		2612A8DA188DB14F00A5ABF7 /* libz.dylib in Frameworks */ = {isa = PBXBuildFile; fileRef = 2667C8C818853632002D5154 /* libz.dylib */; };
		2612A8DB188DB14F00A5ABF7 /* MapKit.framework in Frameworks */ = {isa = PBXBuildFile; fileRef = 2667C8B5188535F1002D5154 /* MapKit.framework */; };
		2612A8DC188DB14F00A5ABF7 /* MessageUI.framework in Frameworks */ = {isa = PBXBuildFile; fileRef = 2667C8B3188535EC002D5154 /* MessageUI.framework */; };
		2612A8DD188DB14F00A5ABF7 /* AVFoundation.framework in Frameworks */ = {isa = PBXBuildFile; fileRef = 2667C8B1188535E1002D5154 /* AVFoundation.framework */; };
		2612A8DE188DB14F00A5ABF7 /* EventKit.framework in Frameworks */ = {isa = PBXBuildFile; fileRef = 2667C8AF188535DC002D5154 /* EventKit.framework */; };
		2612A8DF188DB14F00A5ABF7 /* MediaPlayer.framework in Frameworks */ = {isa = PBXBuildFile; fileRef = 2667C8AD188535CC002D5154 /* MediaPlayer.framework */; };
		2612A8E0188DB14F00A5ABF7 /* CoreAudio.framework in Frameworks */ = {isa = PBXBuildFile; fileRef = 2667C8A3188535BB002D5154 /* CoreAudio.framework */; };
		2612A8E1188DB14F00A5ABF7 /* CoreLocation.framework in Frameworks */ = {isa = PBXBuildFile; fileRef = 2667C8A4188535BB002D5154 /* CoreLocation.framework */; };
		2612A8E2188DB14F00A5ABF7 /* CoreMedia.framework in Frameworks */ = {isa = PBXBuildFile; fileRef = 2667C8A5188535BB002D5154 /* CoreMedia.framework */; };
		2612A8E3188DB14F00A5ABF7 /* CoreMotion.framework in Frameworks */ = {isa = PBXBuildFile; fileRef = 2667C8A6188535BB002D5154 /* CoreMotion.framework */; };
		2612A8E4188DB14F00A5ABF7 /* CoreTelephony.framework in Frameworks */ = {isa = PBXBuildFile; fileRef = 2667C8A7188535BB002D5154 /* CoreTelephony.framework */; };
		2612A8E5188DB14F00A5ABF7 /* SystemConfiguration.framework in Frameworks */ = {isa = PBXBuildFile; fileRef = 2667C8A1188535A6002D5154 /* SystemConfiguration.framework */; };
		2612A8E6188DB14F00A5ABF7 /* UIKit.framework in Frameworks */ = {isa = PBXBuildFile; fileRef = 26A3A5D5187C80CB007C7B72 /* UIKit.framework */; };
		2612A8E7188DB14F00A5ABF7 /* Foundation.framework in Frameworks */ = {isa = PBXBuildFile; fileRef = 26A3A5D7187C80CB007C7B72 /* Foundation.framework */; };
		2612A8E8188DB14F00A5ABF7 /* CoreGraphics.framework in Frameworks */ = {isa = PBXBuildFile; fileRef = 26A3A5D9187C80CB007C7B72 /* CoreGraphics.framework */; };
		2612A8F1188DB14F00A5ABF7 /* InfoPlist.strings in Resources */ = {isa = PBXBuildFile; fileRef = 26A3A5DE187C80CB007C7B72 /* InfoPlist.strings */; };
		2612A8FC188DB14F00A5ABF7 /* VideoAdLib.bundle in Resources */ = {isa = PBXBuildFile; fileRef = 26EEC9EC1885832900B39B48 /* VideoAdLib.bundle */; };
		2665777F189D83B0003056C5 /* libGUJAdViewContextSimulator.a in Frameworks */ = {isa = PBXBuildFile; fileRef = 2665777E189D83B0003056C5 /* libGUJAdViewContextSimulator.a */; };
		26657780189D83B0003056C5 /* libGUJAdViewContextSimulator.a in Frameworks */ = {isa = PBXBuildFile; fileRef = 2665777E189D83B0003056C5 /* libGUJAdViewContextSimulator.a */; };
		26657782189D83D1003056C5 /* libGUJBaseSDKSimulator.a in Frameworks */ = {isa = PBXBuildFile; fileRef = 26657781189D83D1003056C5 /* libGUJBaseSDKSimulator.a */; };
		26657783189D83D1003056C5 /* libGUJBaseSDKSimulator.a in Frameworks */ = {isa = PBXBuildFile; fileRef = 26657781189D83D1003056C5 /* libGUJBaseSDKSimulator.a */; };
		26657785189D83DE003056C5 /* libGUJmOceanSDKSimulator.a in Frameworks */ = {isa = PBXBuildFile; fileRef = 26657784189D83DE003056C5 /* libGUJmOceanSDKSimulator.a */; };
		26657786189D83DE003056C5 /* libGUJmOceanSDKSimulator.a in Frameworks */ = {isa = PBXBuildFile; fileRef = 26657784189D83DE003056C5 /* libGUJmOceanSDKSimulator.a */; };
		26657788189D83E9003056C5 /* libGUJORMMASDKSimulator.a in Frameworks */ = {isa = PBXBuildFile; fileRef = 26657787189D83E9003056C5 /* libGUJORMMASDKSimulator.a */; };
		26657789189D83EA003056C5 /* libGUJORMMASDKSimulator.a in Frameworks */ = {isa = PBXBuildFile; fileRef = 26657787189D83E9003056C5 /* libGUJORMMASDKSimulator.a */; };
		2665778B189D83F6003056C5 /* libGUJXAXISSDKSimulator.a in Frameworks */ = {isa = PBXBuildFile; fileRef = 2665778A189D83F6003056C5 /* libGUJXAXISSDKSimulator.a */; };
		2665778C189D83F6003056C5 /* libGUJXAXISSDKSimulator.a in Frameworks */ = {isa = PBXBuildFile; fileRef = 2665778A189D83F6003056C5 /* libGUJXAXISSDKSimulator.a */; };
		2665778E189D8405003056C5 /* ORMMAResourceBundle.bundle in Resources */ = {isa = PBXBuildFile; fileRef = 2665778D189D8405003056C5 /* ORMMAResourceBundle.bundle */; };
		2665778F189D8405003056C5 /* ORMMAResourceBundle.bundle in Resources */ = {isa = PBXBuildFile; fileRef = 2665778D189D8405003056C5 /* ORMMAResourceBundle.bundle */; };
		2667C8B91885362B002D5154 /* CoreVideo.framework in Frameworks */ = {isa = PBXBuildFile; fileRef = 2667C8B7188535F6002D5154 /* CoreVideo.framework */; };
		2667C8BA1885362B002D5154 /* MapKit.framework in Frameworks */ = {isa = PBXBuildFile; fileRef = 2667C8B5188535F1002D5154 /* MapKit.framework */; };
		2667C8BB1885362B002D5154 /* MessageUI.framework in Frameworks */ = {isa = PBXBuildFile; fileRef = 2667C8B3188535EC002D5154 /* MessageUI.framework */; };
		2667C8BC1885362B002D5154 /* AVFoundation.framework in Frameworks */ = {isa = PBXBuildFile; fileRef = 2667C8B1188535E1002D5154 /* AVFoundation.framework */; };
		2667C8BD1885362B002D5154 /* EventKit.framework in Frameworks */ = {isa = PBXBuildFile; fileRef = 2667C8AF188535DC002D5154 /* EventKit.framework */; };
		2667C8BE1885362B002D5154 /* MediaPlayer.framework in Frameworks */ = {isa = PBXBuildFile; fileRef = 2667C8AD188535CC002D5154 /* MediaPlayer.framework */; };
		2667C8BF1885362B002D5154 /* CoreAudio.framework in Frameworks */ = {isa = PBXBuildFile; fileRef = 2667C8A3188535BB002D5154 /* CoreAudio.framework */; };
		2667C8C01885362B002D5154 /* CoreLocation.framework in Frameworks */ = {isa = PBXBuildFile; fileRef = 2667C8A4188535BB002D5154 /* CoreLocation.framework */; };
		2667C8C11885362B002D5154 /* CoreMedia.framework in Frameworks */ = {isa = PBXBuildFile; fileRef = 2667C8A5188535BB002D5154 /* CoreMedia.framework */; };
		2667C8C21885362B002D5154 /* CoreMotion.framework in Frameworks */ = {isa = PBXBuildFile; fileRef = 2667C8A6188535BB002D5154 /* CoreMotion.framework */; };
		2667C8C31885362B002D5154 /* CoreTelephony.framework in Frameworks */ = {isa = PBXBuildFile; fileRef = 2667C8A7188535BB002D5154 /* CoreTelephony.framework */; };
		2667C8C41885362B002D5154 /* SystemConfiguration.framework in Frameworks */ = {isa = PBXBuildFile; fileRef = 2667C8A1188535A6002D5154 /* SystemConfiguration.framework */; };
		2667C8C51885362B002D5154 /* UIKit.framework in Frameworks */ = {isa = PBXBuildFile; fileRef = 26A3A5D5187C80CB007C7B72 /* UIKit.framework */; };
		2667C8C61885362B002D5154 /* Foundation.framework in Frameworks */ = {isa = PBXBuildFile; fileRef = 26A3A5D7187C80CB007C7B72 /* Foundation.framework */; };
		2667C8C71885362B002D5154 /* CoreGraphics.framework in Frameworks */ = {isa = PBXBuildFile; fileRef = 26A3A5D9187C80CB007C7B72 /* CoreGraphics.framework */; };
		2667C8C918853632002D5154 /* libz.dylib in Frameworks */ = {isa = PBXBuildFile; fileRef = 2667C8C818853632002D5154 /* libz.dylib */; };
		266A94DD18995F8E00390A35 /* libGUJXAXISSDK.a in Frameworks */ = {isa = PBXBuildFile; fileRef = 2612A913188DB23100A5ABF7 /* libGUJXAXISSDK.a */; };
		266A94DE18995F8E00390A35 /* libGUJORMMASDK.a in Frameworks */ = {isa = PBXBuildFile; fileRef = 2612A911188DB22500A5ABF7 /* libGUJORMMASDK.a */; };
		266A94DF18995F8E00390A35 /* libGUJmOceanSDK.a in Frameworks */ = {isa = PBXBuildFile; fileRef = 2612A90F188DB21A00A5ABF7 /* libGUJmOceanSDK.a */; };
		266A94E018995F8E00390A35 /* libGUJBaseSDK.a in Frameworks */ = {isa = PBXBuildFile; fileRef = 2612A90D188DB1CC00A5ABF7 /* libGUJBaseSDK.a */; };
		266A94E118995F9500390A35 /* libAdMobileSDK.a in Frameworks */ = {isa = PBXBuildFile; fileRef = 266A94DB18995E3700390A35 /* libAdMobileSDK.a */; };
		266A94E418995FED00390A35 /* libAdSDKLib_fat.a in Frameworks */ = {isa = PBXBuildFile; fileRef = 266A94E318995FED00390A35 /* libAdSDKLib_fat.a */; };
		266A94E518995FED00390A35 /* libAdSDKLib_fat.a in Frameworks */ = {isa = PBXBuildFile; fileRef = 266A94E318995FED00390A35 /* libAdSDKLib_fat.a */; };
		266A94E71899604100390A35 /* libGUJAdViewContext.a in Frameworks */ = {isa = PBXBuildFile; fileRef = 266A94E61899604100390A35 /* libGUJAdViewContext.a */; };
		26858167189FB3A5004E8B07 /* libAdMobileSDKSimulator.a in Frameworks */ = {isa = PBXBuildFile; fileRef = 26858166189FB3A5004E8B07 /* libAdMobileSDKSimulator.a */; };
		26A3A5E0187C80CB007C7B72 /* InfoPlist.strings in Resources */ = {isa = PBXBuildFile; fileRef = 26A3A5DE187C80CB007C7B72 /* InfoPlist.strings */; };
		26A3A5E2187C80CB007C7B72 /* main.m in Sources */ = {isa = PBXBuildFile; fileRef = 26A3A5E1187C80CB007C7B72 /* main.m */; };
		26B15FF7189A4F6E008C062E /* Default-568h@2x.png in Resources */ = {isa = PBXBuildFile; fileRef = 26B15FF6189A4F6E008C062E /* Default-568h@2x.png */; };
		26B15FF8189A4F73008C062E /* Default-568h@2x.png in Resources */ = {isa = PBXBuildFile; fileRef = 26B15FF6189A4F6E008C062E /* Default-568h@2x.png */; };
		26B15FF9189A4F76008C062E /* Default@2x.png in Resources */ = {isa = PBXBuildFile; fileRef = 26D8D65E189A4DAE0086B887 /* Default@2x.png */; };
		26B15FFA189A4F79008C062E /* Default.png in Resources */ = {isa = PBXBuildFile; fileRef = 26D8D65C189A4DA60086B887 /* Default.png */; };
		26B15FFB189A4F7C008C062E /* icon.png in Resources */ = {isa = PBXBuildFile; fileRef = 26D8D658189A4D8A0086B887 /* icon.png */; };
		26B15FFC189A4F7F008C062E /* icon@2x.png in Resources */ = {isa = PBXBuildFile; fileRef = 26D8D65A189A4D8F0086B887 /* icon@2x.png */; };
		26B16023189A4FA6008C062E /* AppStartInterstitialViewController.m in Sources */ = {isa = PBXBuildFile; fileRef = 26B16000189A4FA5008C062E /* AppStartInterstitialViewController.m */; };
		26B16024189A4FA6008C062E /* AppStartInterstitialViewController.m in Sources */ = {isa = PBXBuildFile; fileRef = 26B16000189A4FA5008C062E /* AppStartInterstitialViewController.m */; };
		26B16025189A4FA6008C062E /* CategoryInterstitialViewController.m in Sources */ = {isa = PBXBuildFile; fileRef = 26B16002189A4FA5008C062E /* CategoryInterstitialViewController.m */; };
		26B16026189A4FA6008C062E /* CategoryInterstitialViewController.m in Sources */ = {isa = PBXBuildFile; fileRef = 26B16002189A4FA5008C062E /* CategoryInterstitialViewController.m */; };
		26B16027189A4FA6008C062E /* CustomInterstitalAdViewController.m in Sources */ = {isa = PBXBuildFile; fileRef = 26B16004189A4FA5008C062E /* CustomInterstitalAdViewController.m */; };
		26B16028189A4FA6008C062E /* CustomInterstitalAdViewController.m in Sources */ = {isa = PBXBuildFile; fileRef = 26B16004189A4FA5008C062E /* CustomInterstitalAdViewController.m */; };
		26B16029189A4FA6008C062E /* CustomSingleAdViewController.m in Sources */ = {isa = PBXBuildFile; fileRef = 26B16006189A4FA5008C062E /* CustomSingleAdViewController.m */; };
		26B1602A189A4FA6008C062E /* CustomSingleAdViewController.m in Sources */ = {isa = PBXBuildFile; fileRef = 26B16006189A4FA5008C062E /* CustomSingleAdViewController.m */; };
		26B1602B189A4FA6008C062E /* ExpandableViewController.m in Sources */ = {isa = PBXBuildFile; fileRef = 26B16008189A4FA6008C062E /* ExpandableViewController.m */; };
		26B1602C189A4FA6008C062E /* ExpandableViewController.m in Sources */ = {isa = PBXBuildFile; fileRef = 26B16008189A4FA6008C062E /* ExpandableViewController.m */; };
		26B1602D189A4FA6008C062E /* ListAdViewController.m in Sources */ = {isa = PBXBuildFile; fileRef = 26B1600A189A4FA6008C062E /* ListAdViewController.m */; };
		26B1602E189A4FA6008C062E /* ListAdViewController.m in Sources */ = {isa = PBXBuildFile; fileRef = 26B1600A189A4FA6008C062E /* ListAdViewController.m */; };
		26B1602F189A4FA6008C062E /* MultiAdViewController.m in Sources */ = {isa = PBXBuildFile; fileRef = 26B1600C189A4FA6008C062E /* MultiAdViewController.m */; };
		26B16030189A4FA6008C062E /* MultiAdViewController.m in Sources */ = {isa = PBXBuildFile; fileRef = 26B1600C189A4FA6008C062E /* MultiAdViewController.m */; };
		26B16031189A4FA6008C062E /* StaticInterstitialViewController.m in Sources */ = {isa = PBXBuildFile; fileRef = 26B1600E189A4FA6008C062E /* StaticInterstitialViewController.m */; };
		26B16032189A4FA6008C062E /* StaticInterstitialViewController.m in Sources */ = {isa = PBXBuildFile; fileRef = 26B1600E189A4FA6008C062E /* StaticInterstitialViewController.m */; };
		26B16033189A4FA6008C062E /* StaticORMMAAdViewController.m in Sources */ = {isa = PBXBuildFile; fileRef = 26B16010189A4FA6008C062E /* StaticORMMAAdViewController.m */; };
		26B16034189A4FA6008C062E /* StaticORMMAAdViewController.m in Sources */ = {isa = PBXBuildFile; fileRef = 26B16010189A4FA6008C062E /* StaticORMMAAdViewController.m */; };
		26B16035189A4FA6008C062E /* TestAdViewController.m in Sources */ = {isa = PBXBuildFile; fileRef = 26B16012189A4FA6008C062E /* TestAdViewController.m */; };
		26B16036189A4FA6008C062E /* TestAdViewController.m in Sources */ = {isa = PBXBuildFile; fileRef = 26B16012189A4FA6008C062E /* TestAdViewController.m */; };
		26B16037189A4FA6008C062E /* XAXSISAdViewController.m in Sources */ = {isa = PBXBuildFile; fileRef = 26B16014189A4FA6008C062E /* XAXSISAdViewController.m */; };
		26B16038189A4FA6008C062E /* XAXSISAdViewController.m in Sources */ = {isa = PBXBuildFile; fileRef = 26B16014189A4FA6008C062E /* XAXSISAdViewController.m */; };
		26B16039189A4FA6008C062E /* AppDelegate.m in Sources */ = {isa = PBXBuildFile; fileRef = 26B16016189A4FA6008C062E /* AppDelegate.m */; };
		26B1603A189A4FA6008C062E /* AppDelegate.m in Sources */ = {isa = PBXBuildFile; fileRef = 26B16016189A4FA6008C062E /* AppDelegate.m */; };
		26B1603B189A4FA6008C062E /* MainTableViewCell.m in Sources */ = {isa = PBXBuildFile; fileRef = 26B16019189A4FA6008C062E /* MainTableViewCell.m */; };
		26B1603C189A4FA6008C062E /* MainTableViewCell.m in Sources */ = {isa = PBXBuildFile; fileRef = 26B16019189A4FA6008C062E /* MainTableViewCell.m */; };
		26B1603D189A4FA6008C062E /* MainTableViewController.m in Sources */ = {isa = PBXBuildFile; fileRef = 26B1601B189A4FA6008C062E /* MainTableViewController.m */; };
		26B1603E189A4FA6008C062E /* MainTableViewController.m in Sources */ = {isa = PBXBuildFile; fileRef = 26B1601B189A4FA6008C062E /* MainTableViewController.m */; };
		26B1603F189A4FA6008C062E /* AdConsole.m in Sources */ = {isa = PBXBuildFile; fileRef = 26B1601E189A4FA6008C062E /* AdConsole.m */; };
		26B16040189A4FA6008C062E /* AdConsole.m in Sources */ = {isa = PBXBuildFile; fileRef = 26B1601E189A4FA6008C062E /* AdConsole.m */; };
		26B16041189A4FA6008C062E /* AdSettingsView.m in Sources */ = {isa = PBXBuildFile; fileRef = 26B16020189A4FA6008C062E /* AdSettingsView.m */; };
		26B16042189A4FA6008C062E /* AdSettingsView.m in Sources */ = {isa = PBXBuildFile; fileRef = 26B16020189A4FA6008C062E /* AdSettingsView.m */; };
		26B16043189A4FA6008C062E /* ViewController.m in Sources */ = {isa = PBXBuildFile; fileRef = 26B16022189A4FA6008C062E /* ViewController.m */; };
		26B16044189A4FA6008C062E /* ViewController.m in Sources */ = {isa = PBXBuildFile; fileRef = 26B16022189A4FA6008C062E /* ViewController.m */; };
		26D29032189A725D0097877C /* AppStartInterstitial_iPad.xib in Resources */ = {isa = PBXBuildFile; fileRef = 26D2902D189A725D0097877C /* AppStartInterstitial_iPad.xib */; };
		26D29033189A725D0097877C /* AppStartInterstitial_iPad.xib in Resources */ = {isa = PBXBuildFile; fileRef = 26D2902D189A725D0097877C /* AppStartInterstitial_iPad.xib */; };
		26D29034189A725D0097877C /* CategoryInterstitial_iPad.xib in Resources */ = {isa = PBXBuildFile; fileRef = 26D2902E189A725D0097877C /* CategoryInterstitial_iPad.xib */; };
		26D29035189A725D0097877C /* CategoryInterstitial_iPad.xib in Resources */ = {isa = PBXBuildFile; fileRef = 26D2902E189A725D0097877C /* CategoryInterstitial_iPad.xib */; };
		26D29036189A725D0097877C /* InterReloadableAdViewController_iPad.xib in Resources */ = {isa = PBXBuildFile; fileRef = 26D2902F189A725D0097877C /* InterReloadableAdViewController_iPad.xib */; };
		26D29037189A725D0097877C /* InterReloadableAdViewController_iPad.xib in Resources */ = {isa = PBXBuildFile; fileRef = 26D2902F189A725D0097877C /* InterReloadableAdViewController_iPad.xib */; };
		26D29038189A725D0097877C /* MultiAdViewController_iPad.xib in Resources */ = {isa = PBXBuildFile; fileRef = 26D29030189A725D0097877C /* MultiAdViewController_iPad.xib */; };
		26D29039189A725D0097877C /* MultiAdViewController_iPad.xib in Resources */ = {isa = PBXBuildFile; fileRef = 26D29030189A725D0097877C /* MultiAdViewController_iPad.xib */; };
		26D2903A189A725D0097877C /* SingleAdViewController_iPad.xib in Resources */ = {isa = PBXBuildFile; fileRef = 26D29031189A725D0097877C /* SingleAdViewController_iPad.xib */; };
		26D2903B189A725D0097877C /* SingleAdViewController_iPad.xib in Resources */ = {isa = PBXBuildFile; fileRef = 26D29031189A725D0097877C /* SingleAdViewController_iPad.xib */; };
		26D29048189A72630097877C /* AdConsole_iPhone.xib in Resources */ = {isa = PBXBuildFile; fileRef = 26D2903E189A72630097877C /* AdConsole_iPhone.xib */; };
		26D29049189A72630097877C /* AdConsole_iPhone.xib in Resources */ = {isa = PBXBuildFile; fileRef = 26D2903E189A72630097877C /* AdConsole_iPhone.xib */; };
		26D2904A189A72630097877C /* AdSettingsView_iPhone.xib in Resources */ = {isa = PBXBuildFile; fileRef = 26D2903F189A72630097877C /* AdSettingsView_iPhone.xib */; };
		26D2904B189A72630097877C /* AdSettingsView_iPhone.xib in Resources */ = {isa = PBXBuildFile; fileRef = 26D2903F189A72630097877C /* AdSettingsView_iPhone.xib */; };
		26D2904C189A72630097877C /* AdViewCell_iPhone.xib in Resources */ = {isa = PBXBuildFile; fileRef = 26D29040189A72630097877C /* AdViewCell_iPhone.xib */; };
		26D2904D189A72630097877C /* AdViewCell_iPhone.xib in Resources */ = {isa = PBXBuildFile; fileRef = 26D29040189A72630097877C /* AdViewCell_iPhone.xib */; };
		26D2904E189A72630097877C /* AppStartInterstitial_iPhone.xib in Resources */ = {isa = PBXBuildFile; fileRef = 26D29041189A72630097877C /* AppStartInterstitial_iPhone.xib */; };
		26D2904F189A72630097877C /* AppStartInterstitial_iPhone.xib in Resources */ = {isa = PBXBuildFile; fileRef = 26D29041189A72630097877C /* AppStartInterstitial_iPhone.xib */; };
		26D29050189A72630097877C /* CategoryInterstitial_iPhone.xib in Resources */ = {isa = PBXBuildFile; fileRef = 26D29042189A72630097877C /* CategoryInterstitial_iPhone.xib */; };
		26D29051189A72630097877C /* CategoryInterstitial_iPhone.xib in Resources */ = {isa = PBXBuildFile; fileRef = 26D29042189A72630097877C /* CategoryInterstitial_iPhone.xib */; };
		26D29052189A72630097877C /* InterReloadableAdViewController_iPhone.xib in Resources */ = {isa = PBXBuildFile; fileRef = 26D29043189A72630097877C /* InterReloadableAdViewController_iPhone.xib */; };
		26D29053189A72630097877C /* InterReloadableAdViewController_iPhone.xib in Resources */ = {isa = PBXBuildFile; fileRef = 26D29043189A72630097877C /* InterReloadableAdViewController_iPhone.xib */; };
		26D29054189A72630097877C /* ListAdViewController_iPhone.xib in Resources */ = {isa = PBXBuildFile; fileRef = 26D29044189A72630097877C /* ListAdViewController_iPhone.xib */; };
		26D29055189A72630097877C /* ListAdViewController_iPhone.xib in Resources */ = {isa = PBXBuildFile; fileRef = 26D29044189A72630097877C /* ListAdViewController_iPhone.xib */; };
		26D29056189A72630097877C /* MainTableCell_iPhone.xib in Resources */ = {isa = PBXBuildFile; fileRef = 26D29045189A72630097877C /* MainTableCell_iPhone.xib */; };
		26D29057189A72630097877C /* MainTableCell_iPhone.xib in Resources */ = {isa = PBXBuildFile; fileRef = 26D29045189A72630097877C /* MainTableCell_iPhone.xib */; };
		26D29058189A72630097877C /* MultiAdViewController_iPhone.xib in Resources */ = {isa = PBXBuildFile; fileRef = 26D29046189A72630097877C /* MultiAdViewController_iPhone.xib */; };
		26D29059189A72630097877C /* MultiAdViewController_iPhone.xib in Resources */ = {isa = PBXBuildFile; fileRef = 26D29046189A72630097877C /* MultiAdViewController_iPhone.xib */; };
		26D2905A189A72630097877C /* SingleAdViewController_iPhone.xib in Resources */ = {isa = PBXBuildFile; fileRef = 26D29047189A72630097877C /* SingleAdViewController_iPhone.xib */; };
		26D2905B189A72630097877C /* SingleAdViewController_iPhone.xib in Resources */ = {isa = PBXBuildFile; fileRef = 26D29047189A72630097877C /* SingleAdViewController_iPhone.xib */; };
		26D2905D189A72F80097877C /* ViewController_iPad.xib in Resources */ = {isa = PBXBuildFile; fileRef = 26D2905C189A72F80097877C /* ViewController_iPad.xib */; };
		26D29060189A73060097877C /* ViewController_iPhone.xib in Resources */ = {isa = PBXBuildFile; fileRef = 26D2905F189A73060097877C /* ViewController_iPhone.xib */; };
		26D29061189A73060097877C /* ViewController_iPhone.xib in Resources */ = {isa = PBXBuildFile; fileRef = 26D2905F189A73060097877C /* ViewController_iPhone.xib */; };
		26D29062189A73130097877C /* ViewController_iPad.xib in Resources */ = {isa = PBXBuildFile; fileRef = 26D2905C189A72F80097877C /* ViewController_iPad.xib */; };
		26D8D659189A4D8A0086B887 /* icon.png in Resources */ = {isa = PBXBuildFile; fileRef = 26D8D658189A4D8A0086B887 /* icon.png */; };
		26D8D65B189A4D900086B887 /* icon@2x.png in Resources */ = {isa = PBXBuildFile; fileRef = 26D8D65A189A4D8F0086B887 /* icon@2x.png */; };
		26D8D65D189A4DA70086B887 /* Default.png in Resources */ = {isa = PBXBuildFile; fileRef = 26D8D65C189A4DA60086B887 /* Default.png */; };
		26D8D65F189A4DAE0086B887 /* Default@2x.png in Resources */ = {isa = PBXBuildFile; fileRef = 26D8D65E189A4DAE0086B887 /* Default@2x.png */; };
		26EEC9ED1885832900B39B48 /* VideoAdLib.bundle in Resources */ = {isa = PBXBuildFile; fileRef = 26EEC9EC1885832900B39B48 /* VideoAdLib.bundle */; };
/* End PBXBuildFile section */

/* Begin PBXFileReference section */
		2612A902188DB14F00A5ABF7 /* GUJTestApp copy.app */ = {isa = PBXFileReference; explicitFileType = wrapper.application; includeInIndex = 0; path = "GUJTestApp copy.app"; sourceTree = BUILT_PRODUCTS_DIR; };
		2612A903188DB15000A5ABF7 /* GUJTestApp copy-Info.plist */ = {isa = PBXFileReference; lastKnownFileType = text.plist.xml; name = "GUJTestApp copy-Info.plist"; path = "/Volumes/Dataland/workspaces/Xcode/05.GUJems/iOSSDK/Source/V2.0/TestApps/GUJTestApp/GUJTestApp copy-Info.plist"; sourceTree = "<absolute>"; };
		2612A90D188DB1CC00A5ABF7 /* libGUJBaseSDK.a */ = {isa = PBXFileReference; lastKnownFileType = archive.ar; name = libGUJBaseSDK.a; path = "../../../GUJBaseSDK/build/Release-iphoneos/libGUJBaseSDK.a"; sourceTree = "<group>"; };
		2612A90F188DB21A00A5ABF7 /* libGUJmOceanSDK.a */ = {isa = PBXFileReference; lastKnownFileType = archive.ar; name = libGUJmOceanSDK.a; path = "../../../GUJmOceanSDK/build/Release-iphoneos/libGUJmOceanSDK.a"; sourceTree = "<group>"; };
		2612A911188DB22500A5ABF7 /* libGUJORMMASDK.a */ = {isa = PBXFileReference; lastKnownFileType = archive.ar; name = libGUJORMMASDK.a; path = "../../../GUJORMMASDK/build/Release-iphoneos/libGUJORMMASDK.a"; sourceTree = "<group>"; };
		2612A913188DB23100A5ABF7 /* libGUJXAXISSDK.a */ = {isa = PBXFileReference; lastKnownFileType = archive.ar; name = libGUJXAXISSDK.a; path = "../../../GUJXAXISSDK/build/Release-iphoneos/libGUJXAXISSDK.a"; sourceTree = "<group>"; };
		2665777E189D83B0003056C5 /* libGUJAdViewContextSimulator.a */ = {isa = PBXFileReference; lastKnownFileType = archive.ar; name = libGUJAdViewContextSimulator.a; path = "../../../GUJAdViewContext/build/Debug-iphonesimulator/libGUJAdViewContextSimulator.a"; sourceTree = "<group>"; };
		26657781189D83D1003056C5 /* libGUJBaseSDKSimulator.a */ = {isa = PBXFileReference; lastKnownFileType = archive.ar; name = libGUJBaseSDKSimulator.a; path = "../../../GUJBaseSDK/build/Debug-iphonesimulator/libGUJBaseSDKSimulator.a"; sourceTree = "<group>"; };
		26657784189D83DE003056C5 /* libGUJmOceanSDKSimulator.a */ = {isa = PBXFileReference; lastKnownFileType = archive.ar; name = libGUJmOceanSDKSimulator.a; path = "../../../GUJmOceanSDK/build/Debug-iphonesimulator/libGUJmOceanSDKSimulator.a"; sourceTree = "<group>"; };
		26657787189D83E9003056C5 /* libGUJORMMASDKSimulator.a */ = {isa = PBXFileReference; lastKnownFileType = archive.ar; name = libGUJORMMASDKSimulator.a; path = "../../../GUJORMMASDK/build/Debug-iphonesimulator/libGUJORMMASDKSimulator.a"; sourceTree = "<group>"; };
		2665778A189D83F6003056C5 /* libGUJXAXISSDKSimulator.a */ = {isa = PBXFileReference; lastKnownFileType = archive.ar; name = libGUJXAXISSDKSimulator.a; path = "../../../GUJXAXISSDK/build/Debug-iphonesimulator/libGUJXAXISSDKSimulator.a"; sourceTree = "<group>"; };
		2665778D189D8405003056C5 /* ORMMAResourceBundle.bundle */ = {isa = PBXFileReference; lastKnownFileType = "wrapper.plug-in"; name = ORMMAResourceBundle.bundle; path = "../../../ORMMAResourceBundle/build/Debug-iphonesimulator/ORMMAResourceBundle.bundle"; sourceTree = "<group>"; };
		2667C8A1188535A6002D5154 /* SystemConfiguration.framework */ = {isa = PBXFileReference; lastKnownFileType = wrapper.framework; name = SystemConfiguration.framework; path = System/Library/Frameworks/SystemConfiguration.framework; sourceTree = SDKROOT; };
		2667C8A3188535BB002D5154 /* CoreAudio.framework */ = {isa = PBXFileReference; lastKnownFileType = wrapper.framework; name = CoreAudio.framework; path = System/Library/Frameworks/CoreAudio.framework; sourceTree = SDKROOT; };
		2667C8A4188535BB002D5154 /* CoreLocation.framework */ = {isa = PBXFileReference; lastKnownFileType = wrapper.framework; name = CoreLocation.framework; path = System/Library/Frameworks/CoreLocation.framework; sourceTree = SDKROOT; };
		2667C8A5188535BB002D5154 /* CoreMedia.framework */ = {isa = PBXFileReference; lastKnownFileType = wrapper.framework; name = CoreMedia.framework; path = System/Library/Frameworks/CoreMedia.framework; sourceTree = SDKROOT; };
		2667C8A6188535BB002D5154 /* CoreMotion.framework */ = {isa = PBXFileReference; lastKnownFileType = wrapper.framework; name = CoreMotion.framework; path = System/Library/Frameworks/CoreMotion.framework; sourceTree = SDKROOT; };
		2667C8A7188535BB002D5154 /* CoreTelephony.framework */ = {isa = PBXFileReference; lastKnownFileType = wrapper.framework; name = CoreTelephony.framework; path = System/Library/Frameworks/CoreTelephony.framework; sourceTree = SDKROOT; };
		2667C8AD188535CC002D5154 /* MediaPlayer.framework */ = {isa = PBXFileReference; lastKnownFileType = wrapper.framework; name = MediaPlayer.framework; path = System/Library/Frameworks/MediaPlayer.framework; sourceTree = SDKROOT; };
		2667C8AF188535DC002D5154 /* EventKit.framework */ = {isa = PBXFileReference; lastKnownFileType = wrapper.framework; name = EventKit.framework; path = System/Library/Frameworks/EventKit.framework; sourceTree = SDKROOT; };
		2667C8B1188535E1002D5154 /* AVFoundation.framework */ = {isa = PBXFileReference; lastKnownFileType = wrapper.framework; name = AVFoundation.framework; path = System/Library/Frameworks/AVFoundation.framework; sourceTree = SDKROOT; };
		2667C8B3188535EC002D5154 /* MessageUI.framework */ = {isa = PBXFileReference; lastKnownFileType = wrapper.framework; name = MessageUI.framework; path = System/Library/Frameworks/MessageUI.framework; sourceTree = SDKROOT; };
		2667C8B5188535F1002D5154 /* MapKit.framework */ = {isa = PBXFileReference; lastKnownFileType = wrapper.framework; name = MapKit.framework; path = System/Library/Frameworks/MapKit.framework; sourceTree = SDKROOT; };
		2667C8B7188535F6002D5154 /* CoreVideo.framework */ = {isa = PBXFileReference; lastKnownFileType = wrapper.framework; name = CoreVideo.framework; path = System/Library/Frameworks/CoreVideo.framework; sourceTree = SDKROOT; };
		2667C8C818853632002D5154 /* libz.dylib */ = {isa = PBXFileReference; lastKnownFileType = "compiled.mach-o.dylib"; name = libz.dylib; path = usr/lib/libz.dylib; sourceTree = SDKROOT; };
		266A94D818995D9300390A35 /* GUJAdViewContext.h */ = {isa = PBXFileReference; fileEncoding = 4; lastKnownFileType = sourcecode.c.h; name = GUJAdViewContext.h; path = ../../../GUJAdViewContext/GUJAdViewContext/Classes/Public/GUJAdViewContext.h; sourceTree = "<group>"; };
		266A94DB18995E3700390A35 /* libAdMobileSDK.a */ = {isa = PBXFileReference; lastKnownFileType = archive.ar; name = libAdMobileSDK.a; path = ../../../3rdParty/mOcean/AdMobileSDK/Release/libAdMobileSDK.a; sourceTree = "<group>"; };
		266A94E318995FED00390A35 /* libAdSDKLib_fat.a */ = {isa = PBXFileReference; lastKnownFileType = archive.ar; name = libAdSDKLib_fat.a; path = ../../../3rdParty/Xaxsis/Release/libAdSDKLib_fat.a; sourceTree = "<group>"; };
		266A94E61899604100390A35 /* libGUJAdViewContext.a */ = {isa = PBXFileReference; lastKnownFileType = archive.ar; name = libGUJAdViewContext.a; path = "../../../GUJAdViewContext/build/Release-iphoneos/libGUJAdViewContext.a"; sourceTree = "<group>"; };
		26858166189FB3A5004E8B07 /* libAdMobileSDKSimulator.a */ = {isa = PBXFileReference; lastKnownFileType = archive.ar; name = libAdMobileSDKSimulator.a; path = ../../../3rdParty/mOcean/AdMobileSDK/Release/libAdMobileSDKSimulator.a; sourceTree = "<group>"; };
		26A3A5D2187C80CB007C7B72 /* GUJTestApp.app */ = {isa = PBXFileReference; explicitFileType = wrapper.application; includeInIndex = 0; path = GUJTestApp.app; sourceTree = BUILT_PRODUCTS_DIR; };
		26A3A5D5187C80CB007C7B72 /* UIKit.framework */ = {isa = PBXFileReference; lastKnownFileType = wrapper.framework; name = UIKit.framework; path = System/Library/Frameworks/UIKit.framework; sourceTree = SDKROOT; };
		26A3A5D7187C80CB007C7B72 /* Foundation.framework */ = {isa = PBXFileReference; lastKnownFileType = wrapper.framework; name = Foundation.framework; path = System/Library/Frameworks/Foundation.framework; sourceTree = SDKROOT; };
		26A3A5D9187C80CB007C7B72 /* CoreGraphics.framework */ = {isa = PBXFileReference; lastKnownFileType = wrapper.framework; name = CoreGraphics.framework; path = System/Library/Frameworks/CoreGraphics.framework; sourceTree = SDKROOT; };
		26A3A5DD187C80CB007C7B72 /* GUJTestApp-Info.plist */ = {isa = PBXFileReference; lastKnownFileType = text.plist.xml; path = "GUJTestApp-Info.plist"; sourceTree = "<group>"; };
		26A3A5DF187C80CB007C7B72 /* en */ = {isa = PBXFileReference; lastKnownFileType = text.plist.strings; name = en; path = en.lproj/InfoPlist.strings; sourceTree = "<group>"; };
		26A3A5E1187C80CB007C7B72 /* main.m */ = {isa = PBXFileReference; lastKnownFileType = sourcecode.c.objc; path = main.m; sourceTree = "<group>"; };
		26A3A5E3187C80CB007C7B72 /* GUJTestApp-Prefix.pch */ = {isa = PBXFileReference; lastKnownFileType = sourcecode.c.h; path = "GUJTestApp-Prefix.pch"; sourceTree = "<group>"; };
		26B15FF6189A4F6E008C062E /* Default-568h@2x.png */ = {isa = PBXFileReference; lastKnownFileType = image.png; name = "Default-568h@2x.png"; path = "../Default-568h@2x.png"; sourceTree = "<group>"; };
		26B15FFF189A4FA5008C062E /* AppStartInterstitialViewController.h */ = {isa = PBXFileReference; fileEncoding = 4; lastKnownFileType = sourcecode.c.h; path = AppStartInterstitialViewController.h; sourceTree = "<group>"; };
		26B16000189A4FA5008C062E /* AppStartInterstitialViewController.m */ = {isa = PBXFileReference; fileEncoding = 4; lastKnownFileType = sourcecode.c.objc; path = AppStartInterstitialViewController.m; sourceTree = "<group>"; };
		26B16001189A4FA5008C062E /* CategoryInterstitialViewController.h */ = {isa = PBXFileReference; fileEncoding = 4; lastKnownFileType = sourcecode.c.h; path = CategoryInterstitialViewController.h; sourceTree = "<group>"; };
		26B16002189A4FA5008C062E /* CategoryInterstitialViewController.m */ = {isa = PBXFileReference; fileEncoding = 4; lastKnownFileType = sourcecode.c.objc; path = CategoryInterstitialViewController.m; sourceTree = "<group>"; };
		26B16003189A4FA5008C062E /* CustomInterstitalAdViewController.h */ = {isa = PBXFileReference; fileEncoding = 4; lastKnownFileType = sourcecode.c.h; path = CustomInterstitalAdViewController.h; sourceTree = "<group>"; };
		26B16004189A4FA5008C062E /* CustomInterstitalAdViewController.m */ = {isa = PBXFileReference; fileEncoding = 4; lastKnownFileType = sourcecode.c.objc; path = CustomInterstitalAdViewController.m; sourceTree = "<group>"; };
		26B16005189A4FA5008C062E /* CustomSingleAdViewController.h */ = {isa = PBXFileReference; fileEncoding = 4; lastKnownFileType = sourcecode.c.h; path = CustomSingleAdViewController.h; sourceTree = "<group>"; };
		26B16006189A4FA5008C062E /* CustomSingleAdViewController.m */ = {isa = PBXFileReference; fileEncoding = 4; lastKnownFileType = sourcecode.c.objc; path = CustomSingleAdViewController.m; sourceTree = "<group>"; };
		26B16007189A4FA6008C062E /* ExpandableViewController.h */ = {isa = PBXFileReference; fileEncoding = 4; lastKnownFileType = sourcecode.c.h; path = ExpandableViewController.h; sourceTree = "<group>"; };
		26B16008189A4FA6008C062E /* ExpandableViewController.m */ = {isa = PBXFileReference; fileEncoding = 4; lastKnownFileType = sourcecode.c.objc; path = ExpandableViewController.m; sourceTree = "<group>"; };
		26B16009189A4FA6008C062E /* ListAdViewController.h */ = {isa = PBXFileReference; fileEncoding = 4; lastKnownFileType = sourcecode.c.h; path = ListAdViewController.h; sourceTree = "<group>"; };
		26B1600A189A4FA6008C062E /* ListAdViewController.m */ = {isa = PBXFileReference; fileEncoding = 4; lastKnownFileType = sourcecode.c.objc; path = ListAdViewController.m; sourceTree = "<group>"; };
		26B1600B189A4FA6008C062E /* MultiAdViewController.h */ = {isa = PBXFileReference; fileEncoding = 4; lastKnownFileType = sourcecode.c.h; path = MultiAdViewController.h; sourceTree = "<group>"; };
		26B1600C189A4FA6008C062E /* MultiAdViewController.m */ = {isa = PBXFileReference; fileEncoding = 4; lastKnownFileType = sourcecode.c.objc; path = MultiAdViewController.m; sourceTree = "<group>"; };
		26B1600D189A4FA6008C062E /* StaticInterstitialViewController.h */ = {isa = PBXFileReference; fileEncoding = 4; lastKnownFileType = sourcecode.c.h; path = StaticInterstitialViewController.h; sourceTree = "<group>"; };
		26B1600E189A4FA6008C062E /* StaticInterstitialViewController.m */ = {isa = PBXFileReference; fileEncoding = 4; lastKnownFileType = sourcecode.c.objc; path = StaticInterstitialViewController.m; sourceTree = "<group>"; };
		26B1600F189A4FA6008C062E /* StaticORMMAAdViewController.h */ = {isa = PBXFileReference; fileEncoding = 4; lastKnownFileType = sourcecode.c.h; path = StaticORMMAAdViewController.h; sourceTree = "<group>"; };
		26B16010189A4FA6008C062E /* StaticORMMAAdViewController.m */ = {isa = PBXFileReference; fileEncoding = 4; lastKnownFileType = sourcecode.c.objc; path = StaticORMMAAdViewController.m; sourceTree = "<group>"; };
		26B16011189A4FA6008C062E /* TestAdViewController.h */ = {isa = PBXFileReference; fileEncoding = 4; lastKnownFileType = sourcecode.c.h; path = TestAdViewController.h; sourceTree = "<group>"; };
		26B16012189A4FA6008C062E /* TestAdViewController.m */ = {isa = PBXFileReference; fileEncoding = 4; lastKnownFileType = sourcecode.c.objc; path = TestAdViewController.m; sourceTree = "<group>"; };
		26B16013189A4FA6008C062E /* XAXSISAdViewController.h */ = {isa = PBXFileReference; fileEncoding = 4; lastKnownFileType = sourcecode.c.h; path = XAXSISAdViewController.h; sourceTree = "<group>"; };
		26B16014189A4FA6008C062E /* XAXSISAdViewController.m */ = {isa = PBXFileReference; fileEncoding = 4; lastKnownFileType = sourcecode.c.objc; path = XAXSISAdViewController.m; sourceTree = "<group>"; };
		26B16015189A4FA6008C062E /* AppDelegate.h */ = {isa = PBXFileReference; fileEncoding = 4; lastKnownFileType = sourcecode.c.h; path = AppDelegate.h; sourceTree = "<group>"; };
		26B16016189A4FA6008C062E /* AppDelegate.m */ = {isa = PBXFileReference; fileEncoding = 4; lastKnownFileType = sourcecode.c.objc; path = AppDelegate.m; sourceTree = "<group>"; };
		26B16018189A4FA6008C062E /* MainTableViewCell.h */ = {isa = PBXFileReference; fileEncoding = 4; lastKnownFileType = sourcecode.c.h; path = MainTableViewCell.h; sourceTree = "<group>"; };
		26B16019189A4FA6008C062E /* MainTableViewCell.m */ = {isa = PBXFileReference; fileEncoding = 4; lastKnownFileType = sourcecode.c.objc; path = MainTableViewCell.m; sourceTree = "<group>"; };
		26B1601A189A4FA6008C062E /* MainTableViewController.h */ = {isa = PBXFileReference; fileEncoding = 4; lastKnownFileType = sourcecode.c.h; path = MainTableViewController.h; sourceTree = "<group>"; };
		26B1601B189A4FA6008C062E /* MainTableViewController.m */ = {isa = PBXFileReference; fileEncoding = 4; lastKnownFileType = sourcecode.c.objc; path = MainTableViewController.m; sourceTree = "<group>"; };
		26B1601D189A4FA6008C062E /* AdConsole.h */ = {isa = PBXFileReference; fileEncoding = 4; lastKnownFileType = sourcecode.c.h; path = AdConsole.h; sourceTree = "<group>"; };
		26B1601E189A4FA6008C062E /* AdConsole.m */ = {isa = PBXFileReference; fileEncoding = 4; lastKnownFileType = sourcecode.c.objc; path = AdConsole.m; sourceTree = "<group>"; };
		26B1601F189A4FA6008C062E /* AdSettingsView.h */ = {isa = PBXFileReference; fileEncoding = 4; lastKnownFileType = sourcecode.c.h; path = AdSettingsView.h; sourceTree = "<group>"; };
		26B16020189A4FA6008C062E /* AdSettingsView.m */ = {isa = PBXFileReference; fileEncoding = 4; lastKnownFileType = sourcecode.c.objc; path = AdSettingsView.m; sourceTree = "<group>"; };
		26B16021189A4FA6008C062E /* ViewController.h */ = {isa = PBXFileReference; fileEncoding = 4; lastKnownFileType = sourcecode.c.h; path = ViewController.h; sourceTree = "<group>"; };
		26B16022189A4FA6008C062E /* ViewController.m */ = {isa = PBXFileReference; fileEncoding = 4; lastKnownFileType = sourcecode.c.objc; path = ViewController.m; sourceTree = "<group>"; };
		26D2902D189A725D0097877C /* AppStartInterstitial_iPad.xib */ = {isa = PBXFileReference; fileEncoding = 4; lastKnownFileType = file.xib; path = AppStartInterstitial_iPad.xib; sourceTree = "<group>"; };
		26D2902E189A725D0097877C /* CategoryInterstitial_iPad.xib */ = {isa = PBXFileReference; fileEncoding = 4; lastKnownFileType = file.xib; path = CategoryInterstitial_iPad.xib; sourceTree = "<group>"; };
		26D2902F189A725D0097877C /* InterReloadableAdViewController_iPad.xib */ = {isa = PBXFileReference; fileEncoding = 4; lastKnownFileType = file.xib; path = InterReloadableAdViewController_iPad.xib; sourceTree = "<group>"; };
		26D29030189A725D0097877C /* MultiAdViewController_iPad.xib */ = {isa = PBXFileReference; fileEncoding = 4; lastKnownFileType = file.xib; path = MultiAdViewController_iPad.xib; sourceTree = "<group>"; };
		26D29031189A725D0097877C /* SingleAdViewController_iPad.xib */ = {isa = PBXFileReference; fileEncoding = 4; lastKnownFileType = file.xib; path = SingleAdViewController_iPad.xib; sourceTree = "<group>"; };
		26D2903E189A72630097877C /* AdConsole_iPhone.xib */ = {isa = PBXFileReference; fileEncoding = 4; lastKnownFileType = file.xib; path = AdConsole_iPhone.xib; sourceTree = "<group>"; };
		26D2903F189A72630097877C /* AdSettingsView_iPhone.xib */ = {isa = PBXFileReference; fileEncoding = 4; lastKnownFileType = file.xib; path = AdSettingsView_iPhone.xib; sourceTree = "<group>"; };
		26D29040189A72630097877C /* AdViewCell_iPhone.xib */ = {isa = PBXFileReference; fileEncoding = 4; lastKnownFileType = file.xib; path = AdViewCell_iPhone.xib; sourceTree = "<group>"; };
		26D29041189A72630097877C /* AppStartInterstitial_iPhone.xib */ = {isa = PBXFileReference; fileEncoding = 4; lastKnownFileType = file.xib; path = AppStartInterstitial_iPhone.xib; sourceTree = "<group>"; };
		26D29042189A72630097877C /* CategoryInterstitial_iPhone.xib */ = {isa = PBXFileReference; fileEncoding = 4; lastKnownFileType = file.xib; path = CategoryInterstitial_iPhone.xib; sourceTree = "<group>"; };
		26D29043189A72630097877C /* InterReloadableAdViewController_iPhone.xib */ = {isa = PBXFileReference; fileEncoding = 4; lastKnownFileType = file.xib; path = InterReloadableAdViewController_iPhone.xib; sourceTree = "<group>"; };
		26D29044189A72630097877C /* ListAdViewController_iPhone.xib */ = {isa = PBXFileReference; fileEncoding = 4; lastKnownFileType = file.xib; path = ListAdViewController_iPhone.xib; sourceTree = "<group>"; };
		26D29045189A72630097877C /* MainTableCell_iPhone.xib */ = {isa = PBXFileReference; fileEncoding = 4; lastKnownFileType = file.xib; path = MainTableCell_iPhone.xib; sourceTree = "<group>"; };
		26D29046189A72630097877C /* MultiAdViewController_iPhone.xib */ = {isa = PBXFileReference; fileEncoding = 4; lastKnownFileType = file.xib; path = MultiAdViewController_iPhone.xib; sourceTree = "<group>"; };
		26D29047189A72630097877C /* SingleAdViewController_iPhone.xib */ = {isa = PBXFileReference; fileEncoding = 4; lastKnownFileType = file.xib; path = SingleAdViewController_iPhone.xib; sourceTree = "<group>"; };
		26D2905C189A72F80097877C /* ViewController_iPad.xib */ = {isa = PBXFileReference; fileEncoding = 4; lastKnownFileType = file.xib; path = ViewController_iPad.xib; sourceTree = "<group>"; };
		26D2905F189A73060097877C /* ViewController_iPhone.xib */ = {isa = PBXFileReference; fileEncoding = 4; lastKnownFileType = file.xib; path = ViewController_iPhone.xib; sourceTree = "<group>"; };
		26D8D658189A4D8A0086B887 /* icon.png */ = {isa = PBXFileReference; lastKnownFileType = image.png; name = icon.png; path = ../icon.png; sourceTree = "<group>"; };
		26D8D65A189A4D8F0086B887 /* icon@2x.png */ = {isa = PBXFileReference; lastKnownFileType = image.png; name = "icon@2x.png"; path = "../icon@2x.png"; sourceTree = "<group>"; };
		26D8D65C189A4DA60086B887 /* Default.png */ = {isa = PBXFileReference; lastKnownFileType = image.png; name = Default.png; path = ../Default.png; sourceTree = "<group>"; };
		26D8D65E189A4DAE0086B887 /* Default@2x.png */ = {isa = PBXFileReference; lastKnownFileType = image.png; name = "Default@2x.png"; path = "../Default@2x.png"; sourceTree = "<group>"; };
		26EEC9E518857B1F00B39B48 /* GUJAdViewControllerDelegate.h */ = {isa = PBXFileReference; fileEncoding = 4; lastKnownFileType = sourcecode.c.h; name = GUJAdViewControllerDelegate.h; path = ../../../GUJBaseSDK/GUJBaseSDK/Classes/Public/GUJAdViewControllerDelegate.h; sourceTree = "<group>"; };
		26EEC9EC1885832900B39B48 /* VideoAdLib.bundle */ = {isa = PBXFileReference; lastKnownFileType = "wrapper.plug-in"; name = VideoAdLib.bundle; path = ../../../../V1.2.3.2/3rdParty/Xaxsis/Resources/VideoAdLib.bundle; sourceTree = "<group>"; };
/* End PBXFileReference section */

/* Begin PBXFrameworksBuildPhase section */
		2612A8D8188DB14F00A5ABF7 /* Frameworks */ = {
			isa = PBXFrameworksBuildPhase;
			buildActionMask = 2147483647;
			files = (
				2612A8D9188DB14F00A5ABF7 /* CoreVideo.framework in Frameworks */,
				2612A8DA188DB14F00A5ABF7 /* libz.dylib in Frameworks */,
				2612A8DB188DB14F00A5ABF7 /* MapKit.framework in Frameworks */,
				2612A8DC188DB14F00A5ABF7 /* MessageUI.framework in Frameworks */,
				2612A8DD188DB14F00A5ABF7 /* AVFoundation.framework in Frameworks */,
				2612A8DE188DB14F00A5ABF7 /* EventKit.framework in Frameworks */,
				2612A8DF188DB14F00A5ABF7 /* MediaPlayer.framework in Frameworks */,
				2612A8E0188DB14F00A5ABF7 /* CoreAudio.framework in Frameworks */,
				2612A8E1188DB14F00A5ABF7 /* CoreLocation.framework in Frameworks */,
				2612A8E2188DB14F00A5ABF7 /* CoreMedia.framework in Frameworks */,
				2612A8E3188DB14F00A5ABF7 /* CoreMotion.framework in Frameworks */,
				2612A8E4188DB14F00A5ABF7 /* CoreTelephony.framework in Frameworks */,
				2612A8E5188DB14F00A5ABF7 /* SystemConfiguration.framework in Frameworks */,
				2612A8E6188DB14F00A5ABF7 /* UIKit.framework in Frameworks */,
				2612A8E7188DB14F00A5ABF7 /* Foundation.framework in Frameworks */,
				2612A8E8188DB14F00A5ABF7 /* CoreGraphics.framework in Frameworks */,
				266A94DD18995F8E00390A35 /* libGUJXAXISSDK.a in Frameworks */,
				266A94DE18995F8E00390A35 /* libGUJORMMASDK.a in Frameworks */,
				266A94DF18995F8E00390A35 /* libGUJmOceanSDK.a in Frameworks */,
				266A94E018995F8E00390A35 /* libGUJBaseSDK.a in Frameworks */,
				266A94E118995F9500390A35 /* libAdMobileSDK.a in Frameworks */,
				266A94E518995FED00390A35 /* libAdSDKLib_fat.a in Frameworks */,
				266A94E71899604100390A35 /* libGUJAdViewContext.a in Frameworks */,
				26657780189D83B0003056C5 /* libGUJAdViewContextSimulator.a in Frameworks */,
				26657783189D83D1003056C5 /* libGUJBaseSDKSimulator.a in Frameworks */,
				26657786189D83DE003056C5 /* libGUJmOceanSDKSimulator.a in Frameworks */,
				26657789189D83EA003056C5 /* libGUJORMMASDKSimulator.a in Frameworks */,
				2665778C189D83F6003056C5 /* libGUJXAXISSDKSimulator.a in Frameworks */,
			);
			runOnlyForDeploymentPostprocessing = 0;
		};
		26A3A5CF187C80CB007C7B72 /* Frameworks */ = {
			isa = PBXFrameworksBuildPhase;
			buildActionMask = 2147483647;
			files = (
				2667C8C918853632002D5154 /* libz.dylib in Frameworks */,
				2667C8BA1885362B002D5154 /* MapKit.framework in Frameworks */,
				2667C8BB1885362B002D5154 /* MessageUI.framework in Frameworks */,
				2667C8BC1885362B002D5154 /* AVFoundation.framework in Frameworks */,
				2667C8BD1885362B002D5154 /* EventKit.framework in Frameworks */,
				2667C8BE1885362B002D5154 /* MediaPlayer.framework in Frameworks */,
				2667C8BF1885362B002D5154 /* CoreAudio.framework in Frameworks */,
				2667C8B91885362B002D5154 /* CoreVideo.framework in Frameworks */,
				2667C8C01885362B002D5154 /* CoreLocation.framework in Frameworks */,
				2667C8C11885362B002D5154 /* CoreMedia.framework in Frameworks */,
				2667C8C21885362B002D5154 /* CoreMotion.framework in Frameworks */,
				2667C8C31885362B002D5154 /* CoreTelephony.framework in Frameworks */,
				2667C8C41885362B002D5154 /* SystemConfiguration.framework in Frameworks */,
				2667C8C51885362B002D5154 /* UIKit.framework in Frameworks */,
				2667C8C61885362B002D5154 /* Foundation.framework in Frameworks */,
				2667C8C71885362B002D5154 /* CoreGraphics.framework in Frameworks */,
				266A94E418995FED00390A35 /* libAdSDKLib_fat.a in Frameworks */,
				2665777F189D83B0003056C5 /* libGUJAdViewContextSimulator.a in Frameworks */,
				26657782189D83D1003056C5 /* libGUJBaseSDKSimulator.a in Frameworks */,
				26657785189D83DE003056C5 /* libGUJmOceanSDKSimulator.a in Frameworks */,
				26657788189D83E9003056C5 /* libGUJORMMASDKSimulator.a in Frameworks */,
				2665778B189D83F6003056C5 /* libGUJXAXISSDKSimulator.a in Frameworks */,
				26858167189FB3A5004E8B07 /* libAdMobileSDKSimulator.a in Frameworks */,
			);
			runOnlyForDeploymentPostprocessing = 0;
		};
/* End PBXFrameworksBuildPhase section */

/* Begin PBXGroup section */
		2612A904188DB16000A5ABF7 /* LibSimulator */ = {
			isa = PBXGroup;
			children = (
				2665778A189D83F6003056C5 /* libGUJXAXISSDKSimulator.a */,
				26657787189D83E9003056C5 /* libGUJORMMASDKSimulator.a */,
				26657784189D83DE003056C5 /* libGUJmOceanSDKSimulator.a */,
				26657781189D83D1003056C5 /* libGUJBaseSDKSimulator.a */,
				2665777E189D83B0003056C5 /* libGUJAdViewContextSimulator.a */,
			);
			name = LibSimulator;
			sourceTree = "<group>";
		};
		2612A905188DB17600A5ABF7 /* LibDevice */ = {
			isa = PBXGroup;
			children = (
				2612A913188DB23100A5ABF7 /* libGUJXAXISSDK.a */,
				2612A911188DB22500A5ABF7 /* libGUJORMMASDK.a */,
				2612A90F188DB21A00A5ABF7 /* libGUJmOceanSDK.a */,
				2612A90D188DB1CC00A5ABF7 /* libGUJBaseSDK.a */,
				266A94E61899604100390A35 /* libGUJAdViewContext.a */,
			);
			name = LibDevice;
			sourceTree = "<group>";
		};
		2612A906188DB17D00A5ABF7 /* 3rdParty */ = {
			isa = PBXGroup;
			children = (
				26858166189FB3A5004E8B07 /* libAdMobileSDKSimulator.a */,
				266A94DB18995E3700390A35 /* libAdMobileSDK.a */,
				266A94E318995FED00390A35 /* libAdSDKLib_fat.a */,
			);
			name = 3rdParty;
			sourceTree = "<group>";
		};
		26A3A5C9187C80CB007C7B72 = {
			isa = PBXGroup;
			children = (
				26A3A5DB187C80CB007C7B72 /* GUJTestApp */,
				26A3A5D4187C80CB007C7B72 /* Frameworks */,
				26A3A5D3187C80CB007C7B72 /* Products */,
				2612A903188DB15000A5ABF7 /* GUJTestApp copy-Info.plist */,
			);
			sourceTree = "<group>";
		};
		26A3A5D3187C80CB007C7B72 /* Products */ = {
			isa = PBXGroup;
			children = (
				26A3A5D2187C80CB007C7B72 /* GUJTestApp.app */,
				2612A902188DB14F00A5ABF7 /* GUJTestApp copy.app */,
			);
			name = Products;
			sourceTree = "<group>";
		};
		26A3A5D4187C80CB007C7B72 /* Frameworks */ = {
			isa = PBXGroup;
			children = (
				2667C8C818853632002D5154 /* libz.dylib */,
				2667C8B7188535F6002D5154 /* CoreVideo.framework */,
				2667C8B5188535F1002D5154 /* MapKit.framework */,
				2667C8B3188535EC002D5154 /* MessageUI.framework */,
				2667C8B1188535E1002D5154 /* AVFoundation.framework */,
				2667C8AF188535DC002D5154 /* EventKit.framework */,
				2667C8AD188535CC002D5154 /* MediaPlayer.framework */,
				2667C8A3188535BB002D5154 /* CoreAudio.framework */,
				2667C8A4188535BB002D5154 /* CoreLocation.framework */,
				2667C8A5188535BB002D5154 /* CoreMedia.framework */,
				2667C8A6188535BB002D5154 /* CoreMotion.framework */,
				2667C8A7188535BB002D5154 /* CoreTelephony.framework */,
				2667C8A1188535A6002D5154 /* SystemConfiguration.framework */,
				26A3A5D5187C80CB007C7B72 /* UIKit.framework */,
				26A3A5D7187C80CB007C7B72 /* Foundation.framework */,
				26A3A5D9187C80CB007C7B72 /* CoreGraphics.framework */,
			);
			name = Frameworks;
			sourceTree = "<group>";
		};
		26A3A5DB187C80CB007C7B72 /* GUJTestApp */ = {
			isa = PBXGroup;
			children = (
				26EEC9D1188579FF00B39B48 /* GUJSDK */,
				26B15FFD189A4FA5008C062E /* Classes */,
				26A3A5DC187C80CB007C7B72 /* Supporting Files */,
				26D2902A189A724C0097877C /* Resources */,
			);
			path = GUJTestApp;
			sourceTree = "<group>";
		};
		26A3A5DC187C80CB007C7B72 /* Supporting Files */ = {
			isa = PBXGroup;
			children = (
				26B15FF6189A4F6E008C062E /* Default-568h@2x.png */,
				26D8D65E189A4DAE0086B887 /* Default@2x.png */,
				26D8D65C189A4DA60086B887 /* Default.png */,
				26D8D65A189A4D8F0086B887 /* icon@2x.png */,
				26D8D658189A4D8A0086B887 /* icon.png */,
				26A3A5DD187C80CB007C7B72 /* GUJTestApp-Info.plist */,
				26A3A5DE187C80CB007C7B72 /* InfoPlist.strings */,
				26A3A5E1187C80CB007C7B72 /* main.m */,
				26A3A5E3187C80CB007C7B72 /* GUJTestApp-Prefix.pch */,
			);
			name = "Supporting Files";
			sourceTree = "<group>";
		};
		26B15FF4189A4F3F008C062E /* Header */ = {
			isa = PBXGroup;
			children = (
				26EEC9E518857B1F00B39B48 /* GUJAdViewControllerDelegate.h */,
				266A94D818995D9300390A35 /* GUJAdViewContext.h */,
			);
			name = Header;
			sourceTree = "<group>";
		};
		26B15FFD189A4FA5008C062E /* Classes */ = {
			isa = PBXGroup;
			children = (
				26B15FFE189A4FA5008C062E /* AdVC */,
				26B16017189A4FA6008C062E /* TVC */,
				26B1601C189A4FA6008C062E /* UI */,
				26B16015189A4FA6008C062E /* AppDelegate.h */,
				26B16016189A4FA6008C062E /* AppDelegate.m */,
				26B16021189A4FA6008C062E /* ViewController.h */,
				26B16022189A4FA6008C062E /* ViewController.m */,
			);
			path = Classes;
			sourceTree = "<group>";
		};
		26B15FFE189A4FA5008C062E /* AdVC */ = {
			isa = PBXGroup;
			children = (
				26B15FFF189A4FA5008C062E /* AppStartInterstitialViewController.h */,
				26B16000189A4FA5008C062E /* AppStartInterstitialViewController.m */,
				26B16001189A4FA5008C062E /* CategoryInterstitialViewController.h */,
				26B16002189A4FA5008C062E /* CategoryInterstitialViewController.m */,
				26B16003189A4FA5008C062E /* CustomInterstitalAdViewController.h */,
				26B16004189A4FA5008C062E /* CustomInterstitalAdViewController.m */,
				26B16005189A4FA5008C062E /* CustomSingleAdViewController.h */,
				26B16006189A4FA5008C062E /* CustomSingleAdViewController.m */,
				26B16007189A4FA6008C062E /* ExpandableViewController.h */,
				26B16008189A4FA6008C062E /* ExpandableViewController.m */,
				26B16009189A4FA6008C062E /* ListAdViewController.h */,
				26B1600A189A4FA6008C062E /* ListAdViewController.m */,
				26B1600B189A4FA6008C062E /* MultiAdViewController.h */,
				26B1600C189A4FA6008C062E /* MultiAdViewController.m */,
				26B1600D189A4FA6008C062E /* StaticInterstitialViewController.h */,
				26B1600E189A4FA6008C062E /* StaticInterstitialViewController.m */,
				26B1600F189A4FA6008C062E /* StaticORMMAAdViewController.h */,
				26B16010189A4FA6008C062E /* StaticORMMAAdViewController.m */,
				26B16011189A4FA6008C062E /* TestAdViewController.h */,
				26B16012189A4FA6008C062E /* TestAdViewController.m */,
				26B16013189A4FA6008C062E /* XAXSISAdViewController.h */,
				26B16014189A4FA6008C062E /* XAXSISAdViewController.m */,
			);
			path = AdVC;
			sourceTree = "<group>";
		};
		26B16017189A4FA6008C062E /* TVC */ = {
			isa = PBXGroup;
			children = (
				26B16018189A4FA6008C062E /* MainTableViewCell.h */,
				26B16019189A4FA6008C062E /* MainTableViewCell.m */,
				26B1601A189A4FA6008C062E /* MainTableViewController.h */,
				26B1601B189A4FA6008C062E /* MainTableViewController.m */,
			);
			path = TVC;
			sourceTree = "<group>";
		};
		26B1601C189A4FA6008C062E /* UI */ = {
			isa = PBXGroup;
			children = (
				26B1601D189A4FA6008C062E /* AdConsole.h */,
				26B1601E189A4FA6008C062E /* AdConsole.m */,
				26B1601F189A4FA6008C062E /* AdSettingsView.h */,
				26B16020189A4FA6008C062E /* AdSettingsView.m */,
			);
			path = UI;
			sourceTree = "<group>";
		};
		26D2902A189A724C0097877C /* Resources */ = {
			isa = PBXGroup;
			children = (
				26D2903C189A72630097877C /* iPhone */,
				26D2902B189A725D0097877C /* iPad */,
			);
			path = Resources;
			sourceTree = "<group>";
		};
		26D2902B189A725D0097877C /* iPad */ = {
			isa = PBXGroup;
			children = (
				26D2902C189A725D0097877C /* Nib */,
			);
			path = iPad;
			sourceTree = "<group>";
		};
		26D2902C189A725D0097877C /* Nib */ = {
			isa = PBXGroup;
			children = (
				26D2905C189A72F80097877C /* ViewController_iPad.xib */,
				26D2902D189A725D0097877C /* AppStartInterstitial_iPad.xib */,
				26D2902E189A725D0097877C /* CategoryInterstitial_iPad.xib */,
				26D2902F189A725D0097877C /* InterReloadableAdViewController_iPad.xib */,
				26D29030189A725D0097877C /* MultiAdViewController_iPad.xib */,
				26D29031189A725D0097877C /* SingleAdViewController_iPad.xib */,
			);
			path = Nib;
			sourceTree = "<group>";
		};
		26D2903C189A72630097877C /* iPhone */ = {
			isa = PBXGroup;
			children = (
				26D2903D189A72630097877C /* Nib */,
			);
			path = iPhone;
			sourceTree = "<group>";
		};
		26D2903D189A72630097877C /* Nib */ = {
			isa = PBXGroup;
			children = (
				26D2905F189A73060097877C /* ViewController_iPhone.xib */,
				26D2903E189A72630097877C /* AdConsole_iPhone.xib */,
				26D2903F189A72630097877C /* AdSettingsView_iPhone.xib */,
				26D29040189A72630097877C /* AdViewCell_iPhone.xib */,
				26D29041189A72630097877C /* AppStartInterstitial_iPhone.xib */,
				26D29042189A72630097877C /* CategoryInterstitial_iPhone.xib */,
				26D29043189A72630097877C /* InterReloadableAdViewController_iPhone.xib */,
				26D29044189A72630097877C /* ListAdViewController_iPhone.xib */,
				26D29045189A72630097877C /* MainTableCell_iPhone.xib */,
				26D29046189A72630097877C /* MultiAdViewController_iPhone.xib */,
				26D29047189A72630097877C /* SingleAdViewController_iPhone.xib */,
			);
			path = Nib;
			sourceTree = "<group>";
		};
		26EEC9D1188579FF00B39B48 /* GUJSDK */ = {
			isa = PBXGroup;
			children = (
				2665778D189D8405003056C5 /* ORMMAResourceBundle.bundle */,
				26EEC9EC1885832900B39B48 /* VideoAdLib.bundle */,
				26B15FF4189A4F3F008C062E /* Header */,
				2612A906188DB17D00A5ABF7 /* 3rdParty */,
				2612A905188DB17600A5ABF7 /* LibDevice */,
				2612A904188DB16000A5ABF7 /* LibSimulator */,
			);
			name = GUJSDK;
			sourceTree = "<group>";
		};
/* End PBXGroup section */

/* Begin PBXNativeTarget section */
		2612A8C8188DB14F00A5ABF7 /* GUJTestApp copy */ = {
			isa = PBXNativeTarget;
			buildConfigurationList = 2612A8FF188DB14F00A5ABF7 /* Build configuration list for PBXNativeTarget "GUJTestApp copy" */;
			buildPhases = (
				2612A8C9188DB14F00A5ABF7 /* Sources */,
				2612A8D8188DB14F00A5ABF7 /* Frameworks */,
				2612A8F0188DB14F00A5ABF7 /* Resources */,
			);
			buildRules = (
			);
			dependencies = (
			);
			name = "GUJTestApp copy";
			productName = GUJTestApp;
			productReference = 2612A902188DB14F00A5ABF7 /* GUJTestApp copy.app */;
			productType = "com.apple.product-type.application";
		};
		26A3A5D1187C80CB007C7B72 /* GUJTestApp */ = {
			isa = PBXNativeTarget;
			buildConfigurationList = 26A3A5F8187C80CB007C7B72 /* Build configuration list for PBXNativeTarget "GUJTestApp" */;
			buildPhases = (
				26A3A5CE187C80CB007C7B72 /* Sources */,
				26A3A5CF187C80CB007C7B72 /* Frameworks */,
				26A3A5D0187C80CB007C7B72 /* Resources */,
			);
			buildRules = (
			);
			dependencies = (
			);
			name = GUJTestApp;
			productName = GUJTestApp;
			productReference = 26A3A5D2187C80CB007C7B72 /* GUJTestApp.app */;
			productType = "com.apple.product-type.application";
		};
/* End PBXNativeTarget section */

/* Begin PBXProject section */
		26A3A5CA187C80CB007C7B72 /* Project object */ = {
			isa = PBXProject;
			attributes = {
				LastUpgradeCheck = 0460;
				ORGANIZATIONNAME = "";
			};
			buildConfigurationList = 26A3A5CD187C80CB007C7B72 /* Build configuration list for PBXProject "GUJTestApp" */;
			compatibilityVersion = "Xcode 3.2";
			developmentRegion = English;
			hasScannedForEncodings = 0;
			knownRegions = (
				en,
			);
			mainGroup = 26A3A5C9187C80CB007C7B72;
			productRefGroup = 26A3A5D3187C80CB007C7B72 /* Products */;
			projectDirPath = "";
			projectRoot = "";
			targets = (
				26A3A5D1187C80CB007C7B72 /* GUJTestApp */,
				2612A8C8188DB14F00A5ABF7 /* GUJTestApp copy */,
			);
		};
/* End PBXProject section */

/* Begin PBXResourcesBuildPhase section */
		2612A8F0188DB14F00A5ABF7 /* Resources */ = {
			isa = PBXResourcesBuildPhase;
			buildActionMask = 2147483647;
			files = (
				2612A8F1188DB14F00A5ABF7 /* InfoPlist.strings in Resources */,
				2612A8FC188DB14F00A5ABF7 /* VideoAdLib.bundle in Resources */,
				26D8D659189A4D8A0086B887 /* icon.png in Resources */,
				26D8D65B189A4D900086B887 /* icon@2x.png in Resources */,
				26D8D65D189A4DA70086B887 /* Default.png in Resources */,
				26D8D65F189A4DAE0086B887 /* Default@2x.png in Resources */,
				26B15FF7189A4F6E008C062E /* Default-568h@2x.png in Resources */,
				26D29033189A725D0097877C /* AppStartInterstitial_iPad.xib in Resources */,
				26D29035189A725D0097877C /* CategoryInterstitial_iPad.xib in Resources */,
				26D29037189A725D0097877C /* InterReloadableAdViewController_iPad.xib in Resources */,
				26D29039189A725D0097877C /* MultiAdViewController_iPad.xib in Resources */,
				26D2903B189A725D0097877C /* SingleAdViewController_iPad.xib in Resources */,
				26D29049189A72630097877C /* AdConsole_iPhone.xib in Resources */,
				26D2904B189A72630097877C /* AdSettingsView_iPhone.xib in Resources */,
				26D2904D189A72630097877C /* AdViewCell_iPhone.xib in Resources */,
				26D2904F189A72630097877C /* AppStartInterstitial_iPhone.xib in Resources */,
				26D29051189A72630097877C /* CategoryInterstitial_iPhone.xib in Resources */,
				26D29053189A72630097877C /* InterReloadableAdViewController_iPhone.xib in Resources */,
				26D29055189A72630097877C /* ListAdViewController_iPhone.xib in Resources */,
				26D29057189A72630097877C /* MainTableCell_iPhone.xib in Resources */,
				26D29059189A72630097877C /* MultiAdViewController_iPhone.xib in Resources */,
				26D2905B189A72630097877C /* SingleAdViewController_iPhone.xib in Resources */,
				26D29062189A73130097877C /* ViewController_iPad.xib in Resources */,
				26D29061189A73060097877C /* ViewController_iPhone.xib in Resources */,
				2665778F189D8405003056C5 /* ORMMAResourceBundle.bundle in Resources */,
			);
			runOnlyForDeploymentPostprocessing = 0;
		};
		26A3A5D0187C80CB007C7B72 /* Resources */ = {
			isa = PBXResourcesBuildPhase;
			buildActionMask = 2147483647;
			files = (
				26A3A5E0187C80CB007C7B72 /* InfoPlist.strings in Resources */,
				26EEC9ED1885832900B39B48 /* VideoAdLib.bundle in Resources */,
				26B15FF8189A4F73008C062E /* Default-568h@2x.png in Resources */,
				26B15FF9189A4F76008C062E /* Default@2x.png in Resources */,
				26B15FFA189A4F79008C062E /* Default.png in Resources */,
				26B15FFB189A4F7C008C062E /* icon.png in Resources */,
				26B15FFC189A4F7F008C062E /* icon@2x.png in Resources */,
				26D29032189A725D0097877C /* AppStartInterstitial_iPad.xib in Resources */,
				26D29034189A725D0097877C /* CategoryInterstitial_iPad.xib in Resources */,
				26D29036189A725D0097877C /* InterReloadableAdViewController_iPad.xib in Resources */,
				26D29038189A725D0097877C /* MultiAdViewController_iPad.xib in Resources */,
				26D2903A189A725D0097877C /* SingleAdViewController_iPad.xib in Resources */,
				26D29048189A72630097877C /* AdConsole_iPhone.xib in Resources */,
				26D2904A189A72630097877C /* AdSettingsView_iPhone.xib in Resources */,
				26D2904C189A72630097877C /* AdViewCell_iPhone.xib in Resources */,
				26D2904E189A72630097877C /* AppStartInterstitial_iPhone.xib in Resources */,
				26D29050189A72630097877C /* CategoryInterstitial_iPhone.xib in Resources */,
				26D29052189A72630097877C /* InterReloadableAdViewController_iPhone.xib in Resources */,
				26D29054189A72630097877C /* ListAdViewController_iPhone.xib in Resources */,
				26D29056189A72630097877C /* MainTableCell_iPhone.xib in Resources */,
				26D29058189A72630097877C /* MultiAdViewController_iPhone.xib in Resources */,
				26D2905A189A72630097877C /* SingleAdViewController_iPhone.xib in Resources */,
				26D2905D189A72F80097877C /* ViewController_iPad.xib in Resources */,
				26D29060189A73060097877C /* ViewController_iPhone.xib in Resources */,
				2665778E189D8405003056C5 /* ORMMAResourceBundle.bundle in Resources */,
			);
			runOnlyForDeploymentPostprocessing = 0;
		};
/* End PBXResourcesBuildPhase section */

/* Begin PBXSourcesBuildPhase section */
		2612A8C9188DB14F00A5ABF7 /* Sources */ = {
			isa = PBXSourcesBuildPhase;
			buildActionMask = 2147483647;
			files = (
				2612A8CA188DB14F00A5ABF7 /* main.m in Sources */,
				26B16024189A4FA6008C062E /* AppStartInterstitialViewController.m in Sources */,
				26B16026189A4FA6008C062E /* CategoryInterstitialViewController.m in Sources */,
				26B16028189A4FA6008C062E /* CustomInterstitalAdViewController.m in Sources */,
				26B1602A189A4FA6008C062E /* CustomSingleAdViewController.m in Sources */,
				26B1602C189A4FA6008C062E /* ExpandableViewController.m in Sources */,
				26B1602E189A4FA6008C062E /* ListAdViewController.m in Sources */,
				26B16030189A4FA6008C062E /* MultiAdViewController.m in Sources */,
				26B16032189A4FA6008C062E /* StaticInterstitialViewController.m in Sources */,
				26B16034189A4FA6008C062E /* StaticORMMAAdViewController.m in Sources */,
				26B16036189A4FA6008C062E /* TestAdViewController.m in Sources */,
				26B16038189A4FA6008C062E /* XAXSISAdViewController.m in Sources */,
				26B1603A189A4FA6008C062E /* AppDelegate.m in Sources */,
				26B1603C189A4FA6008C062E /* MainTableViewCell.m in Sources */,
				26B1603E189A4FA6008C062E /* MainTableViewController.m in Sources */,
				26B16040189A4FA6008C062E /* AdConsole.m in Sources */,
				26B16042189A4FA6008C062E /* AdSettingsView.m in Sources */,
				26B16044189A4FA6008C062E /* ViewController.m in Sources */,
			);
			runOnlyForDeploymentPostprocessing = 0;
		};
		26A3A5CE187C80CB007C7B72 /* Sources */ = {
			isa = PBXSourcesBuildPhase;
			buildActionMask = 2147483647;
			files = (
				26A3A5E2187C80CB007C7B72 /* main.m in Sources */,
				26B16023189A4FA6008C062E /* AppStartInterstitialViewController.m in Sources */,
				26B16025189A4FA6008C062E /* CategoryInterstitialViewController.m in Sources */,
				26B16027189A4FA6008C062E /* CustomInterstitalAdViewController.m in Sources */,
				26B16029189A4FA6008C062E /* CustomSingleAdViewController.m in Sources */,
				26B1602B189A4FA6008C062E /* ExpandableViewController.m in Sources */,
				26B1602D189A4FA6008C062E /* ListAdViewController.m in Sources */,
				26B1602F189A4FA6008C062E /* MultiAdViewController.m in Sources */,
				26B16031189A4FA6008C062E /* StaticInterstitialViewController.m in Sources */,
				26B16033189A4FA6008C062E /* StaticORMMAAdViewController.m in Sources */,
				26B16035189A4FA6008C062E /* TestAdViewController.m in Sources */,
				26B16037189A4FA6008C062E /* XAXSISAdViewController.m in Sources */,
				26B16039189A4FA6008C062E /* AppDelegate.m in Sources */,
				26B1603B189A4FA6008C062E /* MainTableViewCell.m in Sources */,
				26B1603D189A4FA6008C062E /* MainTableViewController.m in Sources */,
				26B1603F189A4FA6008C062E /* AdConsole.m in Sources */,
				26B16041189A4FA6008C062E /* AdSettingsView.m in Sources */,
				26B16043189A4FA6008C062E /* ViewController.m in Sources */,
			);
			runOnlyForDeploymentPostprocessing = 0;
		};
/* End PBXSourcesBuildPhase section */

/* Begin PBXVariantGroup section */
		26A3A5DE187C80CB007C7B72 /* InfoPlist.strings */ = {
			isa = PBXVariantGroup;
			children = (
				26A3A5DF187C80CB007C7B72 /* en */,
			);
			name = InfoPlist.strings;
			sourceTree = "<group>";
		};
/* End PBXVariantGroup section */

/* Begin XCBuildConfiguration section */
		2612A900188DB14F00A5ABF7 /* Debug */ = {
			isa = XCBuildConfiguration;
			buildSettings = {
				CODE_SIGN_IDENTITY = "iPhone Developer: Sven Ewert (8UM374FS58)";
				"CODE_SIGN_IDENTITY[sdk=iphoneos*]" = "iPhone Developer: Sven Ewert (8UM374FS58)";
				GCC_PRECOMPILE_PREFIX_HEADER = YES;
				GCC_PREFIX_HEADER = "GUJTestApp/GUJTestApp-Prefix.pch";
				INFOPLIST_FILE = "GUJTestApp copy-Info.plist";
				IPHONEOS_DEPLOYMENT_TARGET = 5.0;
				LIBRARY_SEARCH_PATHS = (
					"$(inherited)",
					"\"$(SRCROOT)/../../GUJXAXISSDK/build/Release-iphoneos\"",
					"\"$(SRCROOT)/../../GUJORMMASDK/build/Release-iphoneos\"",
					"\"$(SRCROOT)/../../GUJmOceanSDK/build/Release-iphoneos\"",
					"\"$(SRCROOT)/../../GUJBaseSDK/build/Release-iphoneos\"",
					"\"$(SRCROOT)/../../GUJAdViewContext/build/Release-iphoneos\"",
					"\"$(SRCROOT)/../../3rdParty/mOcean/AdMobileSDK/Release\"",
					"\"$(SRCROOT)/../../3rdParty/Xaxsis/Release\"",
					"\"$(SRCROOT)/../../GUJAdViewContext/build/Debug-iphonesimulator\"",
					"\"$(SRCROOT)/../../GUJBaseSDK/build/Debug-iphonesimulator\"",
					"\"$(SRCROOT)/../../GUJmOceanSDK/build/Debug-iphonesimulator\"",
					"\"$(SRCROOT)/../../GUJORMMASDK/build/Debug-iphonesimulator\"",
					"\"$(SRCROOT)/../../GUJXAXISSDK/build/Debug-iphonesimulator\"",
				);
				OTHER_LDFLAGS = (
					"-all_load",
					"-Objc",
				);
				PRODUCT_NAME = "GUJTestApp copy";
				PROVISIONING_PROFILE = "3500FCAF-CC4B-48F4-9FDB-00B7305833EA";
				"PROVISIONING_PROFILE[sdk=iphoneos*]" = "3500FCAF-CC4B-48F4-9FDB-00B7305833EA";
				WRAPPER_EXTENSION = app;
			};
			name = Debug;
		};
		2612A901188DB14F00A5ABF7 /* Release */ = {
			isa = XCBuildConfiguration;
			buildSettings = {
				CODE_SIGN_IDENTITY = "iPhone Distribution: gomindo gmbh (649MX3883J)";
				"CODE_SIGN_IDENTITY[sdk=iphoneos*]" = "iPhone Distribution: gomindo gmbh (649MX3883J)";
				GCC_PRECOMPILE_PREFIX_HEADER = YES;
				GCC_PREFIX_HEADER = "GUJTestApp/GUJTestApp-Prefix.pch";
				INFOPLIST_FILE = "GUJTestApp copy-Info.plist";
				IPHONEOS_DEPLOYMENT_TARGET = 5.0;
				LIBRARY_SEARCH_PATHS = (
					"$(inherited)",
					"\"$(SRCROOT)/../../GUJXAXISSDK/build/Release-iphoneos\"",
					"\"$(SRCROOT)/../../GUJORMMASDK/build/Release-iphoneos\"",
					"\"$(SRCROOT)/../../GUJmOceanSDK/build/Release-iphoneos\"",
					"\"$(SRCROOT)/../../GUJBaseSDK/build/Release-iphoneos\"",
					"\"$(SRCROOT)/../../GUJAdViewContext/build/Release-iphoneos\"",
					"\"$(SRCROOT)/../../3rdParty/mOcean/AdMobileSDK/Release\"",
					"\"$(SRCROOT)/../../3rdParty/Xaxsis/Release\"",
					"\"$(SRCROOT)/../../GUJAdViewContext/build/Debug-iphonesimulator\"",
					"\"$(SRCROOT)/../../GUJBaseSDK/build/Debug-iphonesimulator\"",
					"\"$(SRCROOT)/../../GUJmOceanSDK/build/Debug-iphonesimulator\"",
					"\"$(SRCROOT)/../../GUJORMMASDK/build/Debug-iphonesimulator\"",
					"\"$(SRCROOT)/../../GUJXAXISSDK/build/Debug-iphonesimulator\"",
				);
				OTHER_LDFLAGS = (
					"-all_load",
					"-Objc",
				);
				PRODUCT_NAME = "GUJTestApp copy";
				PROVISIONING_PROFILE = "216AD8C2-4DC3-4A06-B2E1-97F63940522C";
				"PROVISIONING_PROFILE[sdk=iphoneos*]" = "216AD8C2-4DC3-4A06-B2E1-97F63940522C";
				WRAPPER_EXTENSION = app;
			};
			name = Release;
		};
		26A3A5F6187C80CB007C7B72 /* Debug */ = {
			isa = XCBuildConfiguration;
			buildSettings = {
				ALWAYS_SEARCH_USER_PATHS = NO;
				CLANG_CXX_LANGUAGE_STANDARD = "gnu++0x";
				CLANG_CXX_LIBRARY = "libc++";
				CLANG_ENABLE_OBJC_ARC = YES;
				CLANG_WARN_CONSTANT_CONVERSION = YES;
				CLANG_WARN_EMPTY_BODY = YES;
				CLANG_WARN_ENUM_CONVERSION = YES;
				CLANG_WARN_INT_CONVERSION = YES;
				CLANG_WARN__DUPLICATE_METHOD_MATCH = YES;
				"CODE_SIGN_IDENTITY[sdk=iphoneos*]" = "iPhone Developer";
				COPY_PHASE_STRIP = NO;
				GCC_C_LANGUAGE_STANDARD = gnu99;
				GCC_DYNAMIC_NO_PIC = NO;
				GCC_OPTIMIZATION_LEVEL = 0;
				GCC_PREPROCESSOR_DEFINITIONS = (
					"DEBUG=1",
					"$(inherited)",
				);
				GCC_SYMBOLS_PRIVATE_EXTERN = NO;
				GCC_WARN_ABOUT_RETURN_TYPE = YES;
				GCC_WARN_UNINITIALIZED_AUTOS = YES;
				GCC_WARN_UNUSED_VARIABLE = YES;
				IPHONEOS_DEPLOYMENT_TARGET = 5.0;
				ONLY_ACTIVE_ARCH = YES;
				SDKROOT = iphoneos;
				TARGETED_DEVICE_FAMILY = "1,2";
			};
			name = Debug;
		};
		26A3A5F7187C80CB007C7B72 /* Release */ = {
			isa = XCBuildConfiguration;
			buildSettings = {
				ALWAYS_SEARCH_USER_PATHS = NO;
				CLANG_CXX_LANGUAGE_STANDARD = "gnu++0x";
				CLANG_CXX_LIBRARY = "libc++";
				CLANG_ENABLE_OBJC_ARC = YES;
				CLANG_WARN_CONSTANT_CONVERSION = YES;
				CLANG_WARN_EMPTY_BODY = YES;
				CLANG_WARN_ENUM_CONVERSION = YES;
				CLANG_WARN_INT_CONVERSION = YES;
				CLANG_WARN__DUPLICATE_METHOD_MATCH = YES;
				"CODE_SIGN_IDENTITY[sdk=iphoneos*]" = "iPhone Developer";
				COPY_PHASE_STRIP = YES;
				GCC_C_LANGUAGE_STANDARD = gnu99;
				GCC_WARN_ABOUT_RETURN_TYPE = YES;
				GCC_WARN_UNINITIALIZED_AUTOS = YES;
				GCC_WARN_UNUSED_VARIABLE = YES;
				IPHONEOS_DEPLOYMENT_TARGET = 5.0;
				OTHER_CFLAGS = "-DNS_BLOCK_ASSERTIONS=1";
				SDKROOT = iphoneos;
				TARGETED_DEVICE_FAMILY = "1,2";
				VALIDATE_PRODUCT = YES;
			};
			name = Release;
		};
		26A3A5F9187C80CB007C7B72 /* Debug */ = {
			isa = XCBuildConfiguration;
			buildSettings = {
				GCC_PRECOMPILE_PREFIX_HEADER = YES;
				GCC_PREFIX_HEADER = "GUJTestApp/GUJTestApp-Prefix.pch";
				INFOPLIST_FILE = "GUJTestApp/GUJTestApp-Info.plist";
				IPHONEOS_DEPLOYMENT_TARGET = 5.0;
				LIBRARY_SEARCH_PATHS = (
					"$(inherited)",
					"\"$(SRCROOT)/../../3rdParty/Xaxsis/Release\"",
					"\"$(SRCROOT)/../../GUJBaseSDK/build/Debug-iphonesimulator\"",
					"\"$(SRCROOT)/../../GUJAdViewContext/build/Debug-iphonesimulator\"",
					"\"$(SRCROOT)/../../GUJmOceanSDK/build/Debug-iphonesimulator\"",
					"\"$(SRCROOT)/../../GUJORMMASDK/build/Debug-iphonesimulator\"",
					"\"$(SRCROOT)/../../GUJXAXISSDK/build/Debug-iphonesimulator\"",
					"\"$(SRCROOT)/../../3rdParty/mOcean/AdMobileSDK/Release\"",
				);
				OTHER_LDFLAGS = (
					"-all_load",
					"-Objc",
				);
				PRODUCT_NAME = "$(TARGET_NAME)";
				WRAPPER_EXTENSION = app;
			};
			name = Debug;
		};
		26A3A5FA187C80CB007C7B72 /* Release */ = {
			isa = XCBuildConfiguration;
			buildSettings = {
				GCC_PRECOMPILE_PREFIX_HEADER = YES;
				GCC_PREFIX_HEADER = "GUJTestApp/GUJTestApp-Prefix.pch";
				INFOPLIST_FILE = "GUJTestApp/GUJTestApp-Info.plist";
				IPHONEOS_DEPLOYMENT_TARGET = 5.0;
				LIBRARY_SEARCH_PATHS = (
					"$(inherited)",
					"\"$(SRCROOT)/../../3rdParty/Xaxsis/Release\"",
					"\"$(SRCROOT)/../../GUJBaseSDK/build/Debug-iphonesimulator\"",
					"\"$(SRCROOT)/../../GUJAdViewContext/build/Debug-iphonesimulator\"",
					"\"$(SRCROOT)/../../GUJmOceanSDK/build/Debug-iphonesimulator\"",
					"\"$(SRCROOT)/../../GUJORMMASDK/build/Debug-iphonesimulator\"",
					"\"$(SRCROOT)/../../GUJXAXISSDK/build/Debug-iphonesimulator\"",
					"\"$(SRCROOT)/../../3rdParty/mOcean/AdMobileSDK/Release\"",
				);
				OTHER_LDFLAGS = (
					"-all_load",
					"-Objc",
				);
				PRODUCT_NAME = "$(TARGET_NAME)";
				WRAPPER_EXTENSION = app;
			};
			name = Release;
		};
/* End XCBuildConfiguration section */

/* Begin XCConfigurationList section */
		2612A8FF188DB14F00A5ABF7 /* Build configuration list for PBXNativeTarget "GUJTestApp copy" */ = {
			isa = XCConfigurationList;
			buildConfigurations = (
				2612A900188DB14F00A5ABF7 /* Debug */,
				2612A901188DB14F00A5ABF7 /* Release */,
			);
			defaultConfigurationIsVisible = 0;
			defaultConfigurationName = Release;
		};
		26A3A5CD187C80CB007C7B72 /* Build configuration list for PBXProject "GUJTestApp" */ = {
			isa = XCConfigurationList;
			buildConfigurations = (
				26A3A5F6187C80CB007C7B72 /* Debug */,
				26A3A5F7187C80CB007C7B72 /* Release */,
			);
			defaultConfigurationIsVisible = 0;
			defaultConfigurationName = Release;
		};
		26A3A5F8187C80CB007C7B72 /* Build configuration list for PBXNativeTarget "GUJTestApp" */ = {
			isa = XCConfigurationList;
			buildConfigurations = (
				26A3A5F9187C80CB007C7B72 /* Debug */,
				26A3A5FA187C80CB007C7B72 /* Release */,
			);
			defaultConfigurationIsVisible = 0;
			defaultConfigurationName = Release;
		};
/* End XCConfigurationList section */
	};
	rootObject = 26A3A5CA187C80CB007C7B72 /* Project object */;
}
